// !$*UTF8*$!
{
	archiveVersion = 1;
	classes = {
	};
	objectVersion = 50;
	objects = {

/* Begin PBXBuildFile section */
		32CDE438C1D5AF698FDA26A7 /* Pods_MercuryTests.framework in Frameworks */ = {isa = PBXBuildFile; fileRef = D8EF5859D360EB41B5C25068 /* Pods_MercuryTests.framework */; };
		5AF920425C7E215C9336170F /* Pods_Mercury.framework in Frameworks */ = {isa = PBXBuildFile; fileRef = 7A5E104AD4FBD4ACA82251D9 /* Pods_Mercury.framework */; };
		8C3815AE21B021A400F2CC17 /* Mercury.framework in Frameworks */ = {isa = PBXBuildFile; fileRef = 8C3815A421B021A400F2CC17 /* Mercury.framework */; };
		8C3815B321B021A400F2CC17 /* MercuryTests.swift in Sources */ = {isa = PBXBuildFile; fileRef = 8C3815B221B021A400F2CC17 /* MercuryTests.swift */; };
		8C3815B521B021A400F2CC17 /* Mercury.h in Headers */ = {isa = PBXBuildFile; fileRef = 8C3815A721B021A400F2CC17 /* Mercury.h */; settings = {ATTRIBUTES = (Public, ); }; };
		8C38160421B021CA00F2CC17 /* ApiClient.swift in Sources */ = {isa = PBXBuildFile; fileRef = 8C3815BF21B021CA00F2CC17 /* ApiClient.swift */; };
		8C38160521B021CA00F2CC17 /* CurrentDateProvider.swift in Sources */ = {isa = PBXBuildFile; fileRef = 8C3815C121B021CA00F2CC17 /* CurrentDateProvider.swift */; };
		8C38160621B021CA00F2CC17 /* DispatchQueue+Extensions.swift in Sources */ = {isa = PBXBuildFile; fileRef = 8C3815C321B021CA00F2CC17 /* DispatchQueue+Extensions.swift */; };
		8C38160721B021CA00F2CC17 /* Unbox+Extensions.swift in Sources */ = {isa = PBXBuildFile; fileRef = 8C3815C421B021CA00F2CC17 /* Unbox+Extensions.swift */; };
		8C38160821B021CA00F2CC17 /* String+URLEncodeForChecksum.swift in Sources */ = {isa = PBXBuildFile; fileRef = 8C3815C521B021CA00F2CC17 /* String+URLEncodeForChecksum.swift */; };
		8C38160921B021CA00F2CC17 /* Data+JSON.swift in Sources */ = {isa = PBXBuildFile; fileRef = 8C3815C621B021CA00F2CC17 /* Data+JSON.swift */; };
		8C38160A21B021CA00F2CC17 /* URLRequest+HttpHeader.swift in Sources */ = {isa = PBXBuildFile; fileRef = 8C3815C721B021CA00F2CC17 /* URLRequest+HttpHeader.swift */; };
		8C38160B21B021CA00F2CC17 /* UIDeviceExtension.swift in Sources */ = {isa = PBXBuildFile; fileRef = 8C3815C821B021CA00F2CC17 /* UIDeviceExtension.swift */; };
		8C38160C21B021CA00F2CC17 /* NSURLPathComponents.swift in Sources */ = {isa = PBXBuildFile; fileRef = 8C3815C921B021CA00F2CC17 /* NSURLPathComponents.swift */; };
		8C38160D21B021CA00F2CC17 /* CollectionsExtensions.swift in Sources */ = {isa = PBXBuildFile; fileRef = 8C3815CB21B021CA00F2CC17 /* CollectionsExtensions.swift */; };
		8C38160E21B021CA00F2CC17 /* NumbersExtension.swift in Sources */ = {isa = PBXBuildFile; fileRef = 8C3815CC21B021CA00F2CC17 /* NumbersExtension.swift */; };
		8C38160F21B021CA00F2CC17 /* AppMetadataExtension.swift in Sources */ = {isa = PBXBuildFile; fileRef = 8C3815CD21B021CA00F2CC17 /* AppMetadataExtension.swift */; };
		8C38161021B021CA00F2CC17 /* SequenceTypeExtensions.swift in Sources */ = {isa = PBXBuildFile; fileRef = 8C3815CE21B021CA00F2CC17 /* SequenceTypeExtensions.swift */; };
		8C38161121B021CA00F2CC17 /* SubstringExtension.swift in Sources */ = {isa = PBXBuildFile; fileRef = 8C3815CF21B021CA00F2CC17 /* SubstringExtension.swift */; };
		8C38161221B021CA00F2CC17 /* CollectionsConvenienceExtensions.swift in Sources */ = {isa = PBXBuildFile; fileRef = 8C3815D021B021CA00F2CC17 /* CollectionsConvenienceExtensions.swift */; };
		8C38161321B021CA00F2CC17 /* RangeExtension.swift in Sources */ = {isa = PBXBuildFile; fileRef = 8C3815D121B021CA00F2CC17 /* RangeExtension.swift */; };
		8C38161421B021CA00F2CC17 /* DictionaryExtensions.swift in Sources */ = {isa = PBXBuildFile; fileRef = 8C3815D221B021CA00F2CC17 /* DictionaryExtensions.swift */; };
		8C38161521B021CA00F2CC17 /* OptionalsExtensions.swift in Sources */ = {isa = PBXBuildFile; fileRef = 8C3815D321B021CA00F2CC17 /* OptionalsExtensions.swift */; };
		8C38161621B021CA00F2CC17 /* String+Pluralization.swift in Sources */ = {isa = PBXBuildFile; fileRef = 8C3815D421B021CA00F2CC17 /* String+Pluralization.swift */; };
		8C38161721B021CA00F2CC17 /* StringExtension.swift in Sources */ = {isa = PBXBuildFile; fileRef = 8C3815D521B021CA00F2CC17 /* StringExtension.swift */; };
		8C38161821B021CA00F2CC17 /* ArrayRandomAccessAddition.swift in Sources */ = {isa = PBXBuildFile; fileRef = 8C3815D621B021CA00F2CC17 /* ArrayRandomAccessAddition.swift */; };
		8C38161921B021CA00F2CC17 /* HTTPCookieExtensions.swift in Sources */ = {isa = PBXBuildFile; fileRef = 8C3815D721B021CA00F2CC17 /* HTTPCookieExtensions.swift */; };
		8C38161A21B021CA00F2CC17 /* NetworkFactory.swift in Sources */ = {isa = PBXBuildFile; fileRef = 8C3815D821B021CA00F2CC17 /* NetworkFactory.swift */; };
		8C38161B21B021CA00F2CC17 /* ApiError.swift in Sources */ = {isa = PBXBuildFile; fileRef = 8C3815DB21B021CA00F2CC17 /* ApiError.swift */; };
		8C38161C21B021CA00F2CC17 /* ResponseCode.swift in Sources */ = {isa = PBXBuildFile; fileRef = 8C3815DC21B021CA00F2CC17 /* ResponseCode.swift */; };
		8C38161D21B021CA00F2CC17 /* SuccessResponse.swift in Sources */ = {isa = PBXBuildFile; fileRef = 8C3815DD21B021CA00F2CC17 /* SuccessResponse.swift */; };
		8C38161E21B021CA00F2CC17 /* CookieType.swift in Sources */ = {isa = PBXBuildFile; fileRef = 8C3815DF21B021CA00F2CC17 /* CookieType.swift */; };
		8C38161F21B021CA00F2CC17 /* HttpHeader.swift in Sources */ = {isa = PBXBuildFile; fileRef = 8C3815E021B021CA00F2CC17 /* HttpHeader.swift */; };
		8C38162021B021CA00F2CC17 /* UploadMultipartFormDataRequestOperation.swift in Sources */ = {isa = PBXBuildFile; fileRef = 8C3815E221B021CA00F2CC17 /* UploadMultipartFormDataRequestOperation.swift */; };
		8C38162121B021CA00F2CC17 /* Uploader.swift in Sources */ = {isa = PBXBuildFile; fileRef = 8C3815E321B021CA00F2CC17 /* Uploader.swift */; };
		8C38162321B021CA00F2CC17 /* HttpMethod.swift in Sources */ = {isa = PBXBuildFile; fileRef = 8C3815E621B021CA00F2CC17 /* HttpMethod.swift */; };
		8C38162421B021CA00F2CC17 /* Request.swift in Sources */ = {isa = PBXBuildFile; fileRef = 8C3815E721B021CA00F2CC17 /* Request.swift */; };
		8C38162521B021CA00F2CC17 /* DataResult.swift in Sources */ = {isa = PBXBuildFile; fileRef = 8C3815E821B021CA00F2CC17 /* DataResult.swift */; };
		8C38162621B021CA00F2CC17 /* RequestError.swift in Sources */ = {isa = PBXBuildFile; fileRef = 8C3815E921B021CA00F2CC17 /* RequestError.swift */; };
		8C38162721B021CA00F2CC17 /* LoggerService.swift in Sources */ = {isa = PBXBuildFile; fileRef = 8C3815EC21B021CA00F2CC17 /* LoggerService.swift */; };
		8C38162821B021CA00F2CC17 /* ResultConverter.swift in Sources */ = {isa = PBXBuildFile; fileRef = 8C3815EE21B021CA00F2CC17 /* ResultConverter.swift */; };
		8C38162921B021CA00F2CC17 /* ResponseConverter.swift in Sources */ = {isa = PBXBuildFile; fileRef = 8C3815EF21B021CA00F2CC17 /* ResponseConverter.swift */; };
		8C38162A21B021CA00F2CC17 /* ErrorConverter.swift in Sources */ = {isa = PBXBuildFile; fileRef = 8C3815F021B021CA00F2CC17 /* ErrorConverter.swift */; };
		8C38162B21B021CA00F2CC17 /* ResponseConverterOf.swift in Sources */ = {isa = PBXBuildFile; fileRef = 8C3815F121B021CA00F2CC17 /* ResponseConverterOf.swift */; };
		8C38162C21B021CA00F2CC17 /* RequestBuilderImpl.swift in Sources */ = {isa = PBXBuildFile; fileRef = 8C3815F221B021CA00F2CC17 /* RequestBuilderImpl.swift */; };
		8C38162D21B021CA00F2CC17 /* UserSessionProvider.swift in Sources */ = {isa = PBXBuildFile; fileRef = 8C3815F421B021CA00F2CC17 /* UserSessionProvider.swift */; };
		8C38162E21B021CA00F2CC17 /* KeychainConstants.swift in Sources */ = {isa = PBXBuildFile; fileRef = 8C3815F521B021CA00F2CC17 /* KeychainConstants.swift */; };
		8C38162F21B021CA00F2CC17 /* KeychainSensitiveDataProvider.swift in Sources */ = {isa = PBXBuildFile; fileRef = 8C3815F621B021CA00F2CC17 /* KeychainSensitiveDataProvider.swift */; };
		8C38163021B021CA00F2CC17 /* SensetiveDataProvider.swift in Sources */ = {isa = PBXBuildFile; fileRef = 8C3815F721B021CA00F2CC17 /* SensetiveDataProvider.swift */; };
		8C38163121B021CA00F2CC17 /* SessionStorage.swift in Sources */ = {isa = PBXBuildFile; fileRef = 8C3815F821B021CA00F2CC17 /* SessionStorage.swift */; };
		8C38163221B021CA00F2CC17 /* SensetiveDataStorage.swift in Sources */ = {isa = PBXBuildFile; fileRef = 8C3815F921B021CA00F2CC17 /* SensetiveDataStorage.swift */; };
		8C38163321B021CA00F2CC17 /* JsonResponseParserImpl.swift in Sources */ = {isa = PBXBuildFile; fileRef = 8C3815FB21B021CA00F2CC17 /* JsonResponseParserImpl.swift */; };
		8C38163421B021CA00F2CC17 /* ResponseParser.swift in Sources */ = {isa = PBXBuildFile; fileRef = 8C3815FC21B021CA00F2CC17 /* ResponseParser.swift */; };
		8C38163521B021CA00F2CC17 /* CommonRequestHeadersProvider.swift in Sources */ = {isa = PBXBuildFile; fileRef = 8C3815FE21B021CA00F2CC17 /* CommonRequestHeadersProvider.swift */; };
		8C38163621B021CA00F2CC17 /* XDateHeaderProvider.swift in Sources */ = {isa = PBXBuildFile; fileRef = 8C38160121B021CA00F2CC17 /* XDateHeaderProvider.swift */; };
		8C38163721B021CA00F2CC17 /* XSessionHeaderProvider.swift in Sources */ = {isa = PBXBuildFile; fileRef = 8C38160321B021CA00F2CC17 /* XSessionHeaderProvider.swift */; };
		8C38163C21B024A900F2CC17 /* HttpMethod+Alamofire.swift in Sources */ = {isa = PBXBuildFile; fileRef = 8C38163B21B024A900F2CC17 /* HttpMethod+Alamofire.swift */; };
		8C38164021B0287000F2CC17 /* RequestExtensions.swift in Sources */ = {isa = PBXBuildFile; fileRef = 8C38163F21B0287000F2CC17 /* RequestExtensions.swift */; };
		8C38164221B028A700F2CC17 /* RequestCachePolicy.swift in Sources */ = {isa = PBXBuildFile; fileRef = 8C38164121B028A700F2CC17 /* RequestCachePolicy.swift */; };
		8C38164421B028C400F2CC17 /* UploadMultipartFormDataRequest.swift in Sources */ = {isa = PBXBuildFile; fileRef = 8C38164321B028C400F2CC17 /* UploadMultipartFormDataRequest.swift */; };
		8C38164621B028E200F2CC17 /* StringExtensions.swift in Sources */ = {isa = PBXBuildFile; fileRef = 8C38164521B028E200F2CC17 /* StringExtensions.swift */; };
		8C38164921B02AA400F2CC17 /* CommonHeadersProvider.swift in Sources */ = {isa = PBXBuildFile; fileRef = 8C38164821B02AA400F2CC17 /* CommonHeadersProvider.swift */; };
		8C38164B21B03F5700F2CC17 /* RequestBuilder.swift in Sources */ = {isa = PBXBuildFile; fileRef = 8C38164A21B03F5700F2CC17 /* RequestBuilder.swift */; };
		8C38164D21B03F7B00F2CC17 /* AuthorizationStatusProvider.swift in Sources */ = {isa = PBXBuildFile; fileRef = 8C38164C21B03F7B00F2CC17 /* AuthorizationStatusProvider.swift */; };
		8C38164F21B047AF00F2CC17 /* RequestRetrierImpl.swift in Sources */ = {isa = PBXBuildFile; fileRef = 8C38164E21B047AF00F2CC17 /* RequestRetrierImpl.swift */; };
		8C38165121B047D200F2CC17 /* RequestRetrier.swift in Sources */ = {isa = PBXBuildFile; fileRef = 8C38165021B047D200F2CC17 /* RequestRetrier.swift */; };
		8C38165321B1305800F2CC17 /* RequestResponseConverterExtesions.swift in Sources */ = {isa = PBXBuildFile; fileRef = 8C38165221B1305800F2CC17 /* RequestResponseConverterExtesions.swift */; };
/* End PBXBuildFile section */

/* Begin PBXContainerItemProxy section */
		8C3815AF21B021A400F2CC17 /* PBXContainerItemProxy */ = {
			isa = PBXContainerItemProxy;
			containerPortal = 8C38159B21B021A400F2CC17 /* Project object */;
			proxyType = 1;
			remoteGlobalIDString = 8C3815A321B021A400F2CC17;
			remoteInfo = Mercury;
		};
/* End PBXContainerItemProxy section */

/* Begin PBXFileReference section */
		6F68C36648C11E3076D8B432 /* Pods-MercuryTests.debug.xcconfig */ = {isa = PBXFileReference; includeInIndex = 1; lastKnownFileType = text.xcconfig; name = "Pods-MercuryTests.debug.xcconfig"; path = "Pods/Target Support Files/Pods-MercuryTests/Pods-MercuryTests.debug.xcconfig"; sourceTree = "<group>"; };
		7A5E104AD4FBD4ACA82251D9 /* Pods_Mercury.framework */ = {isa = PBXFileReference; explicitFileType = wrapper.framework; includeInIndex = 0; path = Pods_Mercury.framework; sourceTree = BUILT_PRODUCTS_DIR; };
		8C3815A421B021A400F2CC17 /* Mercury.framework */ = {isa = PBXFileReference; explicitFileType = wrapper.framework; includeInIndex = 0; path = Mercury.framework; sourceTree = BUILT_PRODUCTS_DIR; };
		8C3815A721B021A400F2CC17 /* Mercury.h */ = {isa = PBXFileReference; lastKnownFileType = sourcecode.c.h; path = Mercury.h; sourceTree = "<group>"; };
		8C3815A821B021A400F2CC17 /* Info.plist */ = {isa = PBXFileReference; lastKnownFileType = text.plist.xml; path = Info.plist; sourceTree = "<group>"; };
		8C3815AD21B021A400F2CC17 /* MercuryTests.xctest */ = {isa = PBXFileReference; explicitFileType = wrapper.cfbundle; includeInIndex = 0; path = MercuryTests.xctest; sourceTree = BUILT_PRODUCTS_DIR; };
		8C3815B221B021A400F2CC17 /* MercuryTests.swift */ = {isa = PBXFileReference; lastKnownFileType = sourcecode.swift; path = MercuryTests.swift; sourceTree = "<group>"; };
		8C3815B421B021A400F2CC17 /* Info.plist */ = {isa = PBXFileReference; lastKnownFileType = text.plist.xml; path = Info.plist; sourceTree = "<group>"; };
		8C3815BF21B021CA00F2CC17 /* ApiClient.swift */ = {isa = PBXFileReference; fileEncoding = 4; lastKnownFileType = sourcecode.swift; path = ApiClient.swift; sourceTree = "<group>"; };
		8C3815C121B021CA00F2CC17 /* CurrentDateProvider.swift */ = {isa = PBXFileReference; fileEncoding = 4; lastKnownFileType = sourcecode.swift; path = CurrentDateProvider.swift; sourceTree = "<group>"; };
		8C3815C321B021CA00F2CC17 /* DispatchQueue+Extensions.swift */ = {isa = PBXFileReference; fileEncoding = 4; lastKnownFileType = sourcecode.swift; path = "DispatchQueue+Extensions.swift"; sourceTree = "<group>"; };
		8C3815C421B021CA00F2CC17 /* Unbox+Extensions.swift */ = {isa = PBXFileReference; fileEncoding = 4; lastKnownFileType = sourcecode.swift; path = "Unbox+Extensions.swift"; sourceTree = "<group>"; };
		8C3815C521B021CA00F2CC17 /* String+URLEncodeForChecksum.swift */ = {isa = PBXFileReference; fileEncoding = 4; lastKnownFileType = sourcecode.swift; path = "String+URLEncodeForChecksum.swift"; sourceTree = "<group>"; };
		8C3815C621B021CA00F2CC17 /* Data+JSON.swift */ = {isa = PBXFileReference; fileEncoding = 4; lastKnownFileType = sourcecode.swift; path = "Data+JSON.swift"; sourceTree = "<group>"; };
		8C3815C721B021CA00F2CC17 /* URLRequest+HttpHeader.swift */ = {isa = PBXFileReference; fileEncoding = 4; lastKnownFileType = sourcecode.swift; path = "URLRequest+HttpHeader.swift"; sourceTree = "<group>"; };
		8C3815C821B021CA00F2CC17 /* UIDeviceExtension.swift */ = {isa = PBXFileReference; fileEncoding = 4; lastKnownFileType = sourcecode.swift; path = UIDeviceExtension.swift; sourceTree = "<group>"; };
		8C3815C921B021CA00F2CC17 /* NSURLPathComponents.swift */ = {isa = PBXFileReference; fileEncoding = 4; lastKnownFileType = sourcecode.swift; path = NSURLPathComponents.swift; sourceTree = "<group>"; };
		8C3815CB21B021CA00F2CC17 /* CollectionsExtensions.swift */ = {isa = PBXFileReference; fileEncoding = 4; lastKnownFileType = sourcecode.swift; path = CollectionsExtensions.swift; sourceTree = "<group>"; };
		8C3815CC21B021CA00F2CC17 /* NumbersExtension.swift */ = {isa = PBXFileReference; fileEncoding = 4; lastKnownFileType = sourcecode.swift; path = NumbersExtension.swift; sourceTree = "<group>"; };
		8C3815CD21B021CA00F2CC17 /* AppMetadataExtension.swift */ = {isa = PBXFileReference; fileEncoding = 4; lastKnownFileType = sourcecode.swift; path = AppMetadataExtension.swift; sourceTree = "<group>"; };
		8C3815CE21B021CA00F2CC17 /* SequenceTypeExtensions.swift */ = {isa = PBXFileReference; fileEncoding = 4; lastKnownFileType = sourcecode.swift; path = SequenceTypeExtensions.swift; sourceTree = "<group>"; };
		8C3815CF21B021CA00F2CC17 /* SubstringExtension.swift */ = {isa = PBXFileReference; fileEncoding = 4; lastKnownFileType = sourcecode.swift; path = SubstringExtension.swift; sourceTree = "<group>"; };
		8C3815D021B021CA00F2CC17 /* CollectionsConvenienceExtensions.swift */ = {isa = PBXFileReference; fileEncoding = 4; lastKnownFileType = sourcecode.swift; path = CollectionsConvenienceExtensions.swift; sourceTree = "<group>"; };
		8C3815D121B021CA00F2CC17 /* RangeExtension.swift */ = {isa = PBXFileReference; fileEncoding = 4; lastKnownFileType = sourcecode.swift; path = RangeExtension.swift; sourceTree = "<group>"; };
		8C3815D221B021CA00F2CC17 /* DictionaryExtensions.swift */ = {isa = PBXFileReference; fileEncoding = 4; lastKnownFileType = sourcecode.swift; path = DictionaryExtensions.swift; sourceTree = "<group>"; };
		8C3815D321B021CA00F2CC17 /* OptionalsExtensions.swift */ = {isa = PBXFileReference; fileEncoding = 4; lastKnownFileType = sourcecode.swift; path = OptionalsExtensions.swift; sourceTree = "<group>"; };
		8C3815D421B021CA00F2CC17 /* String+Pluralization.swift */ = {isa = PBXFileReference; fileEncoding = 4; lastKnownFileType = sourcecode.swift; path = "String+Pluralization.swift"; sourceTree = "<group>"; };
		8C3815D521B021CA00F2CC17 /* StringExtension.swift */ = {isa = PBXFileReference; fileEncoding = 4; lastKnownFileType = sourcecode.swift; path = StringExtension.swift; sourceTree = "<group>"; };
		8C3815D621B021CA00F2CC17 /* ArrayRandomAccessAddition.swift */ = {isa = PBXFileReference; fileEncoding = 4; lastKnownFileType = sourcecode.swift; path = ArrayRandomAccessAddition.swift; sourceTree = "<group>"; };
		8C3815D721B021CA00F2CC17 /* HTTPCookieExtensions.swift */ = {isa = PBXFileReference; fileEncoding = 4; lastKnownFileType = sourcecode.swift; path = HTTPCookieExtensions.swift; sourceTree = "<group>"; };
		8C3815D821B021CA00F2CC17 /* NetworkFactory.swift */ = {isa = PBXFileReference; fileEncoding = 4; lastKnownFileType = sourcecode.swift; path = NetworkFactory.swift; sourceTree = "<group>"; };
		8C3815DB21B021CA00F2CC17 /* ApiError.swift */ = {isa = PBXFileReference; fileEncoding = 4; lastKnownFileType = sourcecode.swift; path = ApiError.swift; sourceTree = "<group>"; };
		8C3815DC21B021CA00F2CC17 /* ResponseCode.swift */ = {isa = PBXFileReference; fileEncoding = 4; lastKnownFileType = sourcecode.swift; path = ResponseCode.swift; sourceTree = "<group>"; };
		8C3815DD21B021CA00F2CC17 /* SuccessResponse.swift */ = {isa = PBXFileReference; fileEncoding = 4; lastKnownFileType = sourcecode.swift; path = SuccessResponse.swift; sourceTree = "<group>"; };
		8C3815DF21B021CA00F2CC17 /* CookieType.swift */ = {isa = PBXFileReference; fileEncoding = 4; lastKnownFileType = sourcecode.swift; path = CookieType.swift; sourceTree = "<group>"; };
		8C3815E021B021CA00F2CC17 /* HttpHeader.swift */ = {isa = PBXFileReference; fileEncoding = 4; lastKnownFileType = sourcecode.swift; path = HttpHeader.swift; sourceTree = "<group>"; };
		8C3815E221B021CA00F2CC17 /* UploadMultipartFormDataRequestOperation.swift */ = {isa = PBXFileReference; fileEncoding = 4; lastKnownFileType = sourcecode.swift; path = UploadMultipartFormDataRequestOperation.swift; sourceTree = "<group>"; };
		8C3815E321B021CA00F2CC17 /* Uploader.swift */ = {isa = PBXFileReference; fileEncoding = 4; lastKnownFileType = sourcecode.swift; path = Uploader.swift; sourceTree = "<group>"; };
		8C3815E621B021CA00F2CC17 /* HttpMethod.swift */ = {isa = PBXFileReference; fileEncoding = 4; lastKnownFileType = sourcecode.swift; path = HttpMethod.swift; sourceTree = "<group>"; };
		8C3815E721B021CA00F2CC17 /* Request.swift */ = {isa = PBXFileReference; fileEncoding = 4; lastKnownFileType = sourcecode.swift; path = Request.swift; sourceTree = "<group>"; };
		8C3815E821B021CA00F2CC17 /* DataResult.swift */ = {isa = PBXFileReference; fileEncoding = 4; lastKnownFileType = sourcecode.swift; path = DataResult.swift; sourceTree = "<group>"; };
		8C3815E921B021CA00F2CC17 /* RequestError.swift */ = {isa = PBXFileReference; fileEncoding = 4; lastKnownFileType = sourcecode.swift; path = RequestError.swift; sourceTree = "<group>"; };
		8C3815EC21B021CA00F2CC17 /* LoggerService.swift */ = {isa = PBXFileReference; fileEncoding = 4; lastKnownFileType = sourcecode.swift; path = LoggerService.swift; sourceTree = "<group>"; };
		8C3815EE21B021CA00F2CC17 /* ResultConverter.swift */ = {isa = PBXFileReference; fileEncoding = 4; lastKnownFileType = sourcecode.swift; path = ResultConverter.swift; sourceTree = "<group>"; };
		8C3815EF21B021CA00F2CC17 /* ResponseConverter.swift */ = {isa = PBXFileReference; fileEncoding = 4; lastKnownFileType = sourcecode.swift; path = ResponseConverter.swift; sourceTree = "<group>"; };
		8C3815F021B021CA00F2CC17 /* ErrorConverter.swift */ = {isa = PBXFileReference; fileEncoding = 4; lastKnownFileType = sourcecode.swift; path = ErrorConverter.swift; sourceTree = "<group>"; };
		8C3815F121B021CA00F2CC17 /* ResponseConverterOf.swift */ = {isa = PBXFileReference; fileEncoding = 4; lastKnownFileType = sourcecode.swift; path = ResponseConverterOf.swift; sourceTree = "<group>"; };
		8C3815F221B021CA00F2CC17 /* RequestBuilderImpl.swift */ = {isa = PBXFileReference; fileEncoding = 4; lastKnownFileType = sourcecode.swift; path = RequestBuilderImpl.swift; sourceTree = "<group>"; };
		8C3815F421B021CA00F2CC17 /* UserSessionProvider.swift */ = {isa = PBXFileReference; fileEncoding = 4; lastKnownFileType = sourcecode.swift; path = UserSessionProvider.swift; sourceTree = "<group>"; };
		8C3815F521B021CA00F2CC17 /* KeychainConstants.swift */ = {isa = PBXFileReference; fileEncoding = 4; lastKnownFileType = sourcecode.swift; path = KeychainConstants.swift; sourceTree = "<group>"; };
		8C3815F621B021CA00F2CC17 /* KeychainSensitiveDataProvider.swift */ = {isa = PBXFileReference; fileEncoding = 4; lastKnownFileType = sourcecode.swift; path = KeychainSensitiveDataProvider.swift; sourceTree = "<group>"; };
		8C3815F721B021CA00F2CC17 /* SensetiveDataProvider.swift */ = {isa = PBXFileReference; fileEncoding = 4; lastKnownFileType = sourcecode.swift; path = SensetiveDataProvider.swift; sourceTree = "<group>"; };
		8C3815F821B021CA00F2CC17 /* SessionStorage.swift */ = {isa = PBXFileReference; fileEncoding = 4; lastKnownFileType = sourcecode.swift; path = SessionStorage.swift; sourceTree = "<group>"; };
		8C3815F921B021CA00F2CC17 /* SensetiveDataStorage.swift */ = {isa = PBXFileReference; fileEncoding = 4; lastKnownFileType = sourcecode.swift; path = SensetiveDataStorage.swift; sourceTree = "<group>"; };
		8C3815FB21B021CA00F2CC17 /* JsonResponseParserImpl.swift */ = {isa = PBXFileReference; fileEncoding = 4; lastKnownFileType = sourcecode.swift; path = JsonResponseParserImpl.swift; sourceTree = "<group>"; };
		8C3815FC21B021CA00F2CC17 /* ResponseParser.swift */ = {isa = PBXFileReference; fileEncoding = 4; lastKnownFileType = sourcecode.swift; path = ResponseParser.swift; sourceTree = "<group>"; };
		8C3815FE21B021CA00F2CC17 /* CommonRequestHeadersProvider.swift */ = {isa = PBXFileReference; fileEncoding = 4; lastKnownFileType = sourcecode.swift; path = CommonRequestHeadersProvider.swift; sourceTree = "<group>"; };
		8C38160121B021CA00F2CC17 /* XDateHeaderProvider.swift */ = {isa = PBXFileReference; fileEncoding = 4; lastKnownFileType = sourcecode.swift; path = XDateHeaderProvider.swift; sourceTree = "<group>"; };
		8C38160321B021CA00F2CC17 /* XSessionHeaderProvider.swift */ = {isa = PBXFileReference; fileEncoding = 4; lastKnownFileType = sourcecode.swift; path = XSessionHeaderProvider.swift; sourceTree = "<group>"; };
		8C38163B21B024A900F2CC17 /* HttpMethod+Alamofire.swift */ = {isa = PBXFileReference; lastKnownFileType = sourcecode.swift; path = "HttpMethod+Alamofire.swift"; sourceTree = "<group>"; };
		8C38163F21B0287000F2CC17 /* RequestExtensions.swift */ = {isa = PBXFileReference; fileEncoding = 4; lastKnownFileType = sourcecode.swift; path = RequestExtensions.swift; sourceTree = "<group>"; };
		8C38164121B028A700F2CC17 /* RequestCachePolicy.swift */ = {isa = PBXFileReference; lastKnownFileType = sourcecode.swift; path = RequestCachePolicy.swift; sourceTree = "<group>"; };
		8C38164321B028C400F2CC17 /* UploadMultipartFormDataRequest.swift */ = {isa = PBXFileReference; lastKnownFileType = sourcecode.swift; path = UploadMultipartFormDataRequest.swift; sourceTree = "<group>"; };
		8C38164521B028E200F2CC17 /* StringExtensions.swift */ = {isa = PBXFileReference; lastKnownFileType = sourcecode.swift; path = StringExtensions.swift; sourceTree = "<group>"; };
		8C38164821B02AA400F2CC17 /* CommonHeadersProvider.swift */ = {isa = PBXFileReference; lastKnownFileType = sourcecode.swift; path = CommonHeadersProvider.swift; sourceTree = "<group>"; };
		8C38164A21B03F5700F2CC17 /* RequestBuilder.swift */ = {isa = PBXFileReference; lastKnownFileType = sourcecode.swift; path = RequestBuilder.swift; sourceTree = "<group>"; };
		8C38164C21B03F7B00F2CC17 /* AuthorizationStatusProvider.swift */ = {isa = PBXFileReference; lastKnownFileType = sourcecode.swift; path = AuthorizationStatusProvider.swift; sourceTree = "<group>"; };
		8C38164E21B047AF00F2CC17 /* RequestRetrierImpl.swift */ = {isa = PBXFileReference; lastKnownFileType = sourcecode.swift; path = RequestRetrierImpl.swift; sourceTree = "<group>"; };
		8C38165021B047D200F2CC17 /* RequestRetrier.swift */ = {isa = PBXFileReference; lastKnownFileType = sourcecode.swift; path = RequestRetrier.swift; sourceTree = "<group>"; };
		8C38165221B1305800F2CC17 /* RequestResponseConverterExtesions.swift */ = {isa = PBXFileReference; lastKnownFileType = sourcecode.swift; path = RequestResponseConverterExtesions.swift; sourceTree = "<group>"; };
		BF2062ED3FDEC418917E5FD3 /* Pods-Mercury.debug.xcconfig */ = {isa = PBXFileReference; includeInIndex = 1; lastKnownFileType = text.xcconfig; name = "Pods-Mercury.debug.xcconfig"; path = "Pods/Target Support Files/Pods-Mercury/Pods-Mercury.debug.xcconfig"; sourceTree = "<group>"; };
		CF7002A95532526CCD517984 /* Pods-MercuryTests.release.xcconfig */ = {isa = PBXFileReference; includeInIndex = 1; lastKnownFileType = text.xcconfig; name = "Pods-MercuryTests.release.xcconfig"; path = "Pods/Target Support Files/Pods-MercuryTests/Pods-MercuryTests.release.xcconfig"; sourceTree = "<group>"; };
		D8EF5859D360EB41B5C25068 /* Pods_MercuryTests.framework */ = {isa = PBXFileReference; explicitFileType = wrapper.framework; includeInIndex = 0; path = Pods_MercuryTests.framework; sourceTree = BUILT_PRODUCTS_DIR; };
		FBBD5DFB4AE7F1D57AC0718D /* Pods-Mercury.release.xcconfig */ = {isa = PBXFileReference; includeInIndex = 1; lastKnownFileType = text.xcconfig; name = "Pods-Mercury.release.xcconfig"; path = "Pods/Target Support Files/Pods-Mercury/Pods-Mercury.release.xcconfig"; sourceTree = "<group>"; };
/* End PBXFileReference section */

/* Begin PBXFrameworksBuildPhase section */
		8C3815A121B021A400F2CC17 /* Frameworks */ = {
			isa = PBXFrameworksBuildPhase;
			buildActionMask = 2147483647;
			files = (
				5AF920425C7E215C9336170F /* Pods_Mercury.framework in Frameworks */,
			);
			runOnlyForDeploymentPostprocessing = 0;
		};
		8C3815AA21B021A400F2CC17 /* Frameworks */ = {
			isa = PBXFrameworksBuildPhase;
			buildActionMask = 2147483647;
			files = (
				8C3815AE21B021A400F2CC17 /* Mercury.framework in Frameworks */,
				32CDE438C1D5AF698FDA26A7 /* Pods_MercuryTests.framework in Frameworks */,
			);
			runOnlyForDeploymentPostprocessing = 0;
		};
/* End PBXFrameworksBuildPhase section */

/* Begin PBXGroup section */
		75EA1BFC13B6629E796DB85B /* Frameworks */ = {
			isa = PBXGroup;
			children = (
				7A5E104AD4FBD4ACA82251D9 /* Pods_Mercury.framework */,
				D8EF5859D360EB41B5C25068 /* Pods_MercuryTests.framework */,
			);
			name = Frameworks;
			sourceTree = "<group>";
		};
		76674BFBC97D7CB97C846897 /* Pods */ = {
			isa = PBXGroup;
			children = (
				BF2062ED3FDEC418917E5FD3 /* Pods-Mercury.debug.xcconfig */,
				FBBD5DFB4AE7F1D57AC0718D /* Pods-Mercury.release.xcconfig */,
				6F68C36648C11E3076D8B432 /* Pods-MercuryTests.debug.xcconfig */,
				CF7002A95532526CCD517984 /* Pods-MercuryTests.release.xcconfig */,
			);
			name = Pods;
			sourceTree = "<group>";
		};
		8C38159A21B021A400F2CC17 = {
			isa = PBXGroup;
			children = (
				8C3815A621B021A400F2CC17 /* Mercury */,
				8C3815B121B021A400F2CC17 /* MercuryTests */,
				8C3815A521B021A400F2CC17 /* Products */,
				76674BFBC97D7CB97C846897 /* Pods */,
				75EA1BFC13B6629E796DB85B /* Frameworks */,
			);
			sourceTree = "<group>";
		};
		8C3815A521B021A400F2CC17 /* Products */ = {
			isa = PBXGroup;
			children = (
				8C3815A421B021A400F2CC17 /* Mercury.framework */,
				8C3815AD21B021A400F2CC17 /* MercuryTests.xctest */,
			);
			name = Products;
			sourceTree = "<group>";
		};
		8C3815A621B021A400F2CC17 /* Mercury */ = {
			isa = PBXGroup;
			children = (
				8C38163A21B0249900F2CC17 /* Extensions */,
				8C3815BE21B021CA00F2CC17 /* Sources */,
				8C3815A721B021A400F2CC17 /* Mercury.h */,
				8C3815A821B021A400F2CC17 /* Info.plist */,
			);
			path = Mercury;
			sourceTree = "<group>";
		};
		8C3815B121B021A400F2CC17 /* MercuryTests */ = {
			isa = PBXGroup;
			children = (
				8C3815B221B021A400F2CC17 /* MercuryTests.swift */,
				8C3815B421B021A400F2CC17 /* Info.plist */,
			);
			path = MercuryTests;
			sourceTree = "<group>";
		};
		8C3815BE21B021CA00F2CC17 /* Sources */ = {
			isa = PBXGroup;
			children = (
				8C38163821B0243E00F2CC17 /* Core */,
				8C3815BF21B021CA00F2CC17 /* ApiClient.swift */,
				8C3815C021B021CA00F2CC17 /* Utils */,
				8C3815C221B021CA00F2CC17 /* Extensions */,
				8C3815D821B021CA00F2CC17 /* NetworkFactory.swift */,
				8C3815D921B021CA00F2CC17 /* Domain */,
				8C3815EA21B021CA00F2CC17 /* Services */,
			);
			path = Sources;
			sourceTree = "<group>";
		};
		8C3815C021B021CA00F2CC17 /* Utils */ = {
			isa = PBXGroup;
			children = (
				8C3815C121B021CA00F2CC17 /* CurrentDateProvider.swift */,
			);
			path = Utils;
			sourceTree = "<group>";
		};
		8C3815C221B021CA00F2CC17 /* Extensions */ = {
			isa = PBXGroup;
			children = (
				8C3815C321B021CA00F2CC17 /* DispatchQueue+Extensions.swift */,
				8C3815C421B021CA00F2CC17 /* Unbox+Extensions.swift */,
				8C3815C521B021CA00F2CC17 /* String+URLEncodeForChecksum.swift */,
				8C3815C621B021CA00F2CC17 /* Data+JSON.swift */,
				8C3815C721B021CA00F2CC17 /* URLRequest+HttpHeader.swift */,
				8C3815C821B021CA00F2CC17 /* UIDeviceExtension.swift */,
				8C3815C921B021CA00F2CC17 /* NSURLPathComponents.swift */,
				8C3815CA21B021CA00F2CC17 /* SwiftAdditions */,
				8C3815D721B021CA00F2CC17 /* HTTPCookieExtensions.swift */,
			);
			path = Extensions;
			sourceTree = "<group>";
		};
		8C3815CA21B021CA00F2CC17 /* SwiftAdditions */ = {
			isa = PBXGroup;
			children = (
				8C3815CB21B021CA00F2CC17 /* CollectionsExtensions.swift */,
				8C3815CC21B021CA00F2CC17 /* NumbersExtension.swift */,
				8C3815CD21B021CA00F2CC17 /* AppMetadataExtension.swift */,
				8C3815CE21B021CA00F2CC17 /* SequenceTypeExtensions.swift */,
				8C3815CF21B021CA00F2CC17 /* SubstringExtension.swift */,
				8C3815D021B021CA00F2CC17 /* CollectionsConvenienceExtensions.swift */,
				8C3815D121B021CA00F2CC17 /* RangeExtension.swift */,
				8C3815D221B021CA00F2CC17 /* DictionaryExtensions.swift */,
				8C3815D321B021CA00F2CC17 /* OptionalsExtensions.swift */,
				8C3815D421B021CA00F2CC17 /* String+Pluralization.swift */,
				8C3815D521B021CA00F2CC17 /* StringExtension.swift */,
				8C3815D621B021CA00F2CC17 /* ArrayRandomAccessAddition.swift */,
			);
			path = SwiftAdditions;
			sourceTree = "<group>";
		};
		8C3815D921B021CA00F2CC17 /* Domain */ = {
			isa = PBXGroup;
			children = (
				8C3815DA21B021CA00F2CC17 /* Response */,
				8C3815DE21B021CA00F2CC17 /* User */,
				8C3815E021B021CA00F2CC17 /* HttpHeader.swift */,
				8C3815E121B021CA00F2CC17 /* UploadMultipart */,
				8C3815E821B021CA00F2CC17 /* DataResult.swift */,
				8C3815E921B021CA00F2CC17 /* RequestError.swift */,
			);
			path = Domain;
			sourceTree = "<group>";
		};
		8C3815DA21B021CA00F2CC17 /* Response */ = {
			isa = PBXGroup;
			children = (
				8C3815DB21B021CA00F2CC17 /* ApiError.swift */,
				8C3815DC21B021CA00F2CC17 /* ResponseCode.swift */,
				8C3815DD21B021CA00F2CC17 /* SuccessResponse.swift */,
			);
			path = Response;
			sourceTree = "<group>";
		};
		8C3815DE21B021CA00F2CC17 /* User */ = {
			isa = PBXGroup;
			children = (
				8C3815DF21B021CA00F2CC17 /* CookieType.swift */,
			);
			path = User;
			sourceTree = "<group>";
		};
		8C3815E121B021CA00F2CC17 /* UploadMultipart */ = {
			isa = PBXGroup;
			children = (
				8C3815E221B021CA00F2CC17 /* UploadMultipartFormDataRequestOperation.swift */,
				8C3815E321B021CA00F2CC17 /* Uploader.swift */,
			);
			path = UploadMultipart;
			sourceTree = "<group>";
		};
		8C3815E421B021CA00F2CC17 /* Request */ = {
			isa = PBXGroup;
			children = (
				8C3815E721B021CA00F2CC17 /* Request.swift */,
				8C38164321B028C400F2CC17 /* UploadMultipartFormDataRequest.swift */,
				8C3815E621B021CA00F2CC17 /* HttpMethod.swift */,
				8C38164121B028A700F2CC17 /* RequestCachePolicy.swift */,
			);
			path = Request;
			sourceTree = "<group>";
		};
		8C3815EA21B021CA00F2CC17 /* Services */ = {
			isa = PBXGroup;
			children = (
				8C3815EB21B021CA00F2CC17 /* Logger */,
				8C3815ED21B021CA00F2CC17 /* Converter */,
				8C3815F321B021CA00F2CC17 /* User */,
				8C3815FA21B021CA00F2CC17 /* ResponseParser */,
				8C3815FD21B021CA00F2CC17 /* Headers */,
			);
			path = Services;
			sourceTree = "<group>";
		};
		8C3815EB21B021CA00F2CC17 /* Logger */ = {
			isa = PBXGroup;
			children = (
				8C3815EC21B021CA00F2CC17 /* LoggerService.swift */,
			);
			path = Logger;
			sourceTree = "<group>";
		};
		8C3815ED21B021CA00F2CC17 /* Converter */ = {
			isa = PBXGroup;
			children = (
				8C3815EE21B021CA00F2CC17 /* ResultConverter.swift */,
				8C3815EF21B021CA00F2CC17 /* ResponseConverter.swift */,
				8C3815F021B021CA00F2CC17 /* ErrorConverter.swift */,
				8C3815F121B021CA00F2CC17 /* ResponseConverterOf.swift */,
			);
			path = Converter;
			sourceTree = "<group>";
		};
		8C3815F321B021CA00F2CC17 /* User */ = {
			isa = PBXGroup;
			children = (
				8C3815F421B021CA00F2CC17 /* UserSessionProvider.swift */,
				8C3815F521B021CA00F2CC17 /* KeychainConstants.swift */,
				8C3815F621B021CA00F2CC17 /* KeychainSensitiveDataProvider.swift */,
				8C3815F721B021CA00F2CC17 /* SensetiveDataProvider.swift */,
				8C3815F821B021CA00F2CC17 /* SessionStorage.swift */,
				8C3815F921B021CA00F2CC17 /* SensetiveDataStorage.swift */,
			);
			path = User;
			sourceTree = "<group>";
		};
		8C3815FA21B021CA00F2CC17 /* ResponseParser */ = {
			isa = PBXGroup;
			children = (
				8C3815FB21B021CA00F2CC17 /* JsonResponseParserImpl.swift */,
				8C3815FC21B021CA00F2CC17 /* ResponseParser.swift */,
			);
			path = ResponseParser;
			sourceTree = "<group>";
		};
		8C3815FD21B021CA00F2CC17 /* Headers */ = {
			isa = PBXGroup;
			children = (
				8C3815FE21B021CA00F2CC17 /* CommonRequestHeadersProvider.swift */,
				8C3815FF21B021CA00F2CC17 /* Headers */,
			);
			path = Headers;
			sourceTree = "<group>";
		};
		8C3815FF21B021CA00F2CC17 /* Headers */ = {
			isa = PBXGroup;
			children = (
				8C38160021B021CA00F2CC17 /* XDate */,
				8C38160221B021CA00F2CC17 /* XSession */,
			);
			path = Headers;
			sourceTree = "<group>";
		};
		8C38160021B021CA00F2CC17 /* XDate */ = {
			isa = PBXGroup;
			children = (
				8C38160121B021CA00F2CC17 /* XDateHeaderProvider.swift */,
			);
			path = XDate;
			sourceTree = "<group>";
		};
		8C38160221B021CA00F2CC17 /* XSession */ = {
			isa = PBXGroup;
			children = (
				8C38160321B021CA00F2CC17 /* XSessionHeaderProvider.swift */,
			);
			path = XSession;
			sourceTree = "<group>";
		};
		8C38163821B0243E00F2CC17 /* Core */ = {
			isa = PBXGroup;
			children = (
				8C38164721B02A8A00F2CC17 /* Headers */,
				8C3815E421B021CA00F2CC17 /* Request */,
				8C38164A21B03F5700F2CC17 /* RequestBuilder.swift */,
				8C3815F221B021CA00F2CC17 /* RequestBuilderImpl.swift */,
				8C38164C21B03F7B00F2CC17 /* AuthorizationStatusProvider.swift */,
				8C38165021B047D200F2CC17 /* RequestRetrier.swift */,
				8C38164E21B047AF00F2CC17 /* RequestRetrierImpl.swift */,
			);
			path = Core;
			sourceTree = "<group>";
		};
		8C38163A21B0249900F2CC17 /* Extensions */ = {
			isa = PBXGroup;
			children = (
				8C38163B21B024A900F2CC17 /* HttpMethod+Alamofire.swift */,
				8C38163F21B0287000F2CC17 /* RequestExtensions.swift */,
				8C38164521B028E200F2CC17 /* StringExtensions.swift */,
				8C38165221B1305800F2CC17 /* RequestResponseConverterExtesions.swift */,
			);
			path = Extensions;
			sourceTree = "<group>";
		};
		8C38164721B02A8A00F2CC17 /* Headers */ = {
			isa = PBXGroup;
			children = (
				8C38164821B02AA400F2CC17 /* CommonHeadersProvider.swift */,
			);
			path = Headers;
			sourceTree = "<group>";
		};
/* End PBXGroup section */

/* Begin PBXHeadersBuildPhase section */
		8C38159F21B021A400F2CC17 /* Headers */ = {
			isa = PBXHeadersBuildPhase;
			buildActionMask = 2147483647;
			files = (
				8C3815B521B021A400F2CC17 /* Mercury.h in Headers */,
			);
			runOnlyForDeploymentPostprocessing = 0;
		};
/* End PBXHeadersBuildPhase section */

/* Begin PBXNativeTarget section */
		8C3815A321B021A400F2CC17 /* Mercury */ = {
			isa = PBXNativeTarget;
			buildConfigurationList = 8C3815B821B021A400F2CC17 /* Build configuration list for PBXNativeTarget "Mercury" */;
			buildPhases = (
				90630E00B758CA384DA0B066 /* [CP] Check Pods Manifest.lock */,
				8C38159F21B021A400F2CC17 /* Headers */,
				8C3815A021B021A400F2CC17 /* Sources */,
				8C3815A121B021A400F2CC17 /* Frameworks */,
				8C3815A221B021A400F2CC17 /* Resources */,
			);
			buildRules = (
			);
			dependencies = (
			);
			name = Mercury;
			productName = Mercury;
			productReference = 8C3815A421B021A400F2CC17 /* Mercury.framework */;
			productType = "com.apple.product-type.framework";
		};
		8C3815AC21B021A400F2CC17 /* MercuryTests */ = {
			isa = PBXNativeTarget;
			buildConfigurationList = 8C3815BB21B021A400F2CC17 /* Build configuration list for PBXNativeTarget "MercuryTests" */;
			buildPhases = (
				E3AAC0F89E70B46510974638 /* [CP] Check Pods Manifest.lock */,
				8C3815A921B021A400F2CC17 /* Sources */,
				8C3815AA21B021A400F2CC17 /* Frameworks */,
				8C3815AB21B021A400F2CC17 /* Resources */,
				4938341BAA4088813A46FCE3 /* [CP] Embed Pods Frameworks */,
			);
			buildRules = (
			);
			dependencies = (
				8C3815B021B021A400F2CC17 /* PBXTargetDependency */,
			);
			name = MercuryTests;
			productName = MercuryTests;
			productReference = 8C3815AD21B021A400F2CC17 /* MercuryTests.xctest */;
			productType = "com.apple.product-type.bundle.unit-test";
		};
/* End PBXNativeTarget section */

/* Begin PBXProject section */
		8C38159B21B021A400F2CC17 /* Project object */ = {
			isa = PBXProject;
			attributes = {
				LastSwiftUpdateCheck = 1000;
				LastUpgradeCheck = 1000;
				ORGANIZATIONNAME = "Калтырин Владимир Александрович";
				TargetAttributes = {
					8C3815A321B021A400F2CC17 = {
						CreatedOnToolsVersion = 10.0;
					};
					8C3815AC21B021A400F2CC17 = {
						CreatedOnToolsVersion = 10.0;
					};
				};
			};
			buildConfigurationList = 8C38159E21B021A400F2CC17 /* Build configuration list for PBXProject "Mercury" */;
			compatibilityVersion = "Xcode 9.3";
			developmentRegion = en;
			hasScannedForEncodings = 0;
			knownRegions = (
				en,
			);
			mainGroup = 8C38159A21B021A400F2CC17;
			productRefGroup = 8C3815A521B021A400F2CC17 /* Products */;
			projectDirPath = "";
			projectRoot = "";
			targets = (
				8C3815A321B021A400F2CC17 /* Mercury */,
				8C3815AC21B021A400F2CC17 /* MercuryTests */,
			);
		};
/* End PBXProject section */

/* Begin PBXResourcesBuildPhase section */
		8C3815A221B021A400F2CC17 /* Resources */ = {
			isa = PBXResourcesBuildPhase;
			buildActionMask = 2147483647;
			files = (
			);
			runOnlyForDeploymentPostprocessing = 0;
		};
		8C3815AB21B021A400F2CC17 /* Resources */ = {
			isa = PBXResourcesBuildPhase;
			buildActionMask = 2147483647;
			files = (
			);
			runOnlyForDeploymentPostprocessing = 0;
		};
/* End PBXResourcesBuildPhase section */

/* Begin PBXShellScriptBuildPhase section */
		4938341BAA4088813A46FCE3 /* [CP] Embed Pods Frameworks */ = {
			isa = PBXShellScriptBuildPhase;
			buildActionMask = 2147483647;
			files = (
			);
			inputPaths = (
				"${SRCROOT}/Pods/Target Support Files/Pods-MercuryTests/Pods-MercuryTests-frameworks.sh",
				"${BUILT_PRODUCTS_DIR}/Nimble/Nimble.framework",
				"${BUILT_PRODUCTS_DIR}/Quick/Quick.framework",
				"${BUILT_PRODUCTS_DIR}/Alamofire/Alamofire.framework",
				"${BUILT_PRODUCTS_DIR}/KeychainAccess/KeychainAccess.framework",
				"${BUILT_PRODUCTS_DIR}/Unbox/Unbox.framework",
			);
			name = "[CP] Embed Pods Frameworks";
			outputPaths = (
				"${TARGET_BUILD_DIR}/${FRAMEWORKS_FOLDER_PATH}/Nimble.framework",
				"${TARGET_BUILD_DIR}/${FRAMEWORKS_FOLDER_PATH}/Quick.framework",
				"${TARGET_BUILD_DIR}/${FRAMEWORKS_FOLDER_PATH}/Alamofire.framework",
				"${TARGET_BUILD_DIR}/${FRAMEWORKS_FOLDER_PATH}/KeychainAccess.framework",
				"${TARGET_BUILD_DIR}/${FRAMEWORKS_FOLDER_PATH}/Unbox.framework",
			);
			runOnlyForDeploymentPostprocessing = 0;
			shellPath = /bin/sh;
			shellScript = "\"${SRCROOT}/Pods/Target Support Files/Pods-MercuryTests/Pods-MercuryTests-frameworks.sh\"\n";
			showEnvVarsInLog = 0;
		};
		90630E00B758CA384DA0B066 /* [CP] Check Pods Manifest.lock */ = {
			isa = PBXShellScriptBuildPhase;
			buildActionMask = 2147483647;
			files = (
			);
			inputPaths = (
				"${PODS_PODFILE_DIR_PATH}/Podfile.lock",
				"${PODS_ROOT}/Manifest.lock",
			);
			name = "[CP] Check Pods Manifest.lock";
			outputPaths = (
				"$(DERIVED_FILE_DIR)/Pods-Mercury-checkManifestLockResult.txt",
			);
			runOnlyForDeploymentPostprocessing = 0;
			shellPath = /bin/sh;
			shellScript = "diff \"${PODS_PODFILE_DIR_PATH}/Podfile.lock\" \"${PODS_ROOT}/Manifest.lock\" > /dev/null\nif [ $? != 0 ] ; then\n    # print error to STDERR\n    echo \"error: The sandbox is not in sync with the Podfile.lock. Run 'pod install' or update your CocoaPods installation.\" >&2\n    exit 1\nfi\n# This output is used by Xcode 'outputs' to avoid re-running this script phase.\necho \"SUCCESS\" > \"${SCRIPT_OUTPUT_FILE_0}\"\n";
			showEnvVarsInLog = 0;
		};
		E3AAC0F89E70B46510974638 /* [CP] Check Pods Manifest.lock */ = {
			isa = PBXShellScriptBuildPhase;
			buildActionMask = 2147483647;
			files = (
			);
			inputPaths = (
				"${PODS_PODFILE_DIR_PATH}/Podfile.lock",
				"${PODS_ROOT}/Manifest.lock",
			);
			name = "[CP] Check Pods Manifest.lock";
			outputPaths = (
				"$(DERIVED_FILE_DIR)/Pods-MercuryTests-checkManifestLockResult.txt",
			);
			runOnlyForDeploymentPostprocessing = 0;
			shellPath = /bin/sh;
			shellScript = "diff \"${PODS_PODFILE_DIR_PATH}/Podfile.lock\" \"${PODS_ROOT}/Manifest.lock\" > /dev/null\nif [ $? != 0 ] ; then\n    # print error to STDERR\n    echo \"error: The sandbox is not in sync with the Podfile.lock. Run 'pod install' or update your CocoaPods installation.\" >&2\n    exit 1\nfi\n# This output is used by Xcode 'outputs' to avoid re-running this script phase.\necho \"SUCCESS\" > \"${SCRIPT_OUTPUT_FILE_0}\"\n";
			showEnvVarsInLog = 0;
		};
/* End PBXShellScriptBuildPhase section */

/* Begin PBXSourcesBuildPhase section */
		8C3815A021B021A400F2CC17 /* Sources */ = {
			isa = PBXSourcesBuildPhase;
			buildActionMask = 2147483647;
			files = (
				8C38165321B1305800F2CC17 /* RequestResponseConverterExtesions.swift in Sources */,
				8C38162B21B021CA00F2CC17 /* ResponseConverterOf.swift in Sources */,
				8C38160C21B021CA00F2CC17 /* NSURLPathComponents.swift in Sources */,
				8C38160721B021CA00F2CC17 /* Unbox+Extensions.swift in Sources */,
				8C38162821B021CA00F2CC17 /* ResultConverter.swift in Sources */,
				8C38161E21B021CA00F2CC17 /* CookieType.swift in Sources */,
				8C38160921B021CA00F2CC17 /* Data+JSON.swift in Sources */,
				8C38162521B021CA00F2CC17 /* DataResult.swift in Sources */,
				8C38162421B021CA00F2CC17 /* Request.swift in Sources */,
				8C38164221B028A700F2CC17 /* RequestCachePolicy.swift in Sources */,
				8C38161121B021CA00F2CC17 /* SubstringExtension.swift in Sources */,
				8C38160621B021CA00F2CC17 /* DispatchQueue+Extensions.swift in Sources */,
				8C38163C21B024A900F2CC17 /* HttpMethod+Alamofire.swift in Sources */,
				8C38164021B0287000F2CC17 /* RequestExtensions.swift in Sources */,
				8C38161B21B021CA00F2CC17 /* ApiError.swift in Sources */,
				8C38163721B021CA00F2CC17 /* XSessionHeaderProvider.swift in Sources */,
				8C38160521B021CA00F2CC17 /* CurrentDateProvider.swift in Sources */,
				8C38161021B021CA00F2CC17 /* SequenceTypeExtensions.swift in Sources */,
				8C38162E21B021CA00F2CC17 /* KeychainConstants.swift in Sources */,
				8C38164621B028E200F2CC17 /* StringExtensions.swift in Sources */,
				8C38161221B021CA00F2CC17 /* CollectionsConvenienceExtensions.swift in Sources */,
				8C38164F21B047AF00F2CC17 /* RequestRetrierImpl.swift in Sources */,
				8C38160821B021CA00F2CC17 /* String+URLEncodeForChecksum.swift in Sources */,
				8C38161321B021CA00F2CC17 /* RangeExtension.swift in Sources */,
				8C38163621B021CA00F2CC17 /* XDateHeaderProvider.swift in Sources */,
				8C38162921B021CA00F2CC17 /* ResponseConverter.swift in Sources */,
				8C38162321B021CA00F2CC17 /* HttpMethod.swift in Sources */,
				8C38164921B02AA400F2CC17 /* CommonHeadersProvider.swift in Sources */,
				8C38162D21B021CA00F2CC17 /* UserSessionProvider.swift in Sources */,
				8C38161621B021CA00F2CC17 /* String+Pluralization.swift in Sources */,
				8C38162F21B021CA00F2CC17 /* KeychainSensitiveDataProvider.swift in Sources */,
				8C38163221B021CA00F2CC17 /* SensetiveDataStorage.swift in Sources */,
				8C38161421B021CA00F2CC17 /* DictionaryExtensions.swift in Sources */,
				8C38161A21B021CA00F2CC17 /* NetworkFactory.swift in Sources */,
				8C38164D21B03F7B00F2CC17 /* AuthorizationStatusProvider.swift in Sources */,
				8C38162021B021CA00F2CC17 /* UploadMultipartFormDataRequestOperation.swift in Sources */,
				8C38162C21B021CA00F2CC17 /* RequestBuilderImpl.swift in Sources */,
				8C38163421B021CA00F2CC17 /* ResponseParser.swift in Sources */,
				8C38161721B021CA00F2CC17 /* StringExtension.swift in Sources */,
				8C38160B21B021CA00F2CC17 /* UIDeviceExtension.swift in Sources */,
				8C38164B21B03F5700F2CC17 /* RequestBuilder.swift in Sources */,
				8C38163021B021CA00F2CC17 /* SensetiveDataProvider.swift in Sources */,
				8C38162621B021CA00F2CC17 /* RequestError.swift in Sources */,
				8C38161D21B021CA00F2CC17 /* SuccessResponse.swift in Sources */,
				8C38165121B047D200F2CC17 /* RequestRetrier.swift in Sources */,
				8C38162721B021CA00F2CC17 /* LoggerService.swift in Sources */,
				8C38160D21B021CA00F2CC17 /* CollectionsExtensions.swift in Sources */,
				8C38160F21B021CA00F2CC17 /* AppMetadataExtension.swift in Sources */,
				8C38163521B021CA00F2CC17 /* CommonRequestHeadersProvider.swift in Sources */,
				8C38163121B021CA00F2CC17 /* SessionStorage.swift in Sources */,
				8C38161F21B021CA00F2CC17 /* HttpHeader.swift in Sources */,
				8C38164421B028C400F2CC17 /* UploadMultipartFormDataRequest.swift in Sources */,
				8C38161821B021CA00F2CC17 /* ArrayRandomAccessAddition.swift in Sources */,
				8C38160421B021CA00F2CC17 /* ApiClient.swift in Sources */,
				8C38161521B021CA00F2CC17 /* OptionalsExtensions.swift in Sources */,
				8C38162A21B021CA00F2CC17 /* ErrorConverter.swift in Sources */,
				8C38161921B021CA00F2CC17 /* HTTPCookieExtensions.swift in Sources */,
				8C38161C21B021CA00F2CC17 /* ResponseCode.swift in Sources */,
				8C38162121B021CA00F2CC17 /* Uploader.swift in Sources */,
				8C38160A21B021CA00F2CC17 /* URLRequest+HttpHeader.swift in Sources */,
				8C38160E21B021CA00F2CC17 /* NumbersExtension.swift in Sources */,
				8C38163321B021CA00F2CC17 /* JsonResponseParserImpl.swift in Sources */,
			);
			runOnlyForDeploymentPostprocessing = 0;
		};
		8C3815A921B021A400F2CC17 /* Sources */ = {
			isa = PBXSourcesBuildPhase;
			buildActionMask = 2147483647;
			files = (
				8C3815B321B021A400F2CC17 /* MercuryTests.swift in Sources */,
			);
			runOnlyForDeploymentPostprocessing = 0;
		};
/* End PBXSourcesBuildPhase section */

/* Begin PBXTargetDependency section */
		8C3815B021B021A400F2CC17 /* PBXTargetDependency */ = {
			isa = PBXTargetDependency;
			target = 8C3815A321B021A400F2CC17 /* Mercury */;
			targetProxy = 8C3815AF21B021A400F2CC17 /* PBXContainerItemProxy */;
		};
/* End PBXTargetDependency section */

/* Begin XCBuildConfiguration section */
		8C3815B621B021A400F2CC17 /* Debug */ = {
			isa = XCBuildConfiguration;
			buildSettings = {
				ALWAYS_SEARCH_USER_PATHS = NO;
				CLANG_ANALYZER_NONNULL = YES;
				CLANG_ANALYZER_NUMBER_OBJECT_CONVERSION = YES_AGGRESSIVE;
				CLANG_CXX_LANGUAGE_STANDARD = "gnu++14";
				CLANG_CXX_LIBRARY = "libc++";
				CLANG_ENABLE_MODULES = YES;
				CLANG_ENABLE_OBJC_ARC = YES;
				CLANG_ENABLE_OBJC_WEAK = YES;
				CLANG_WARN_BLOCK_CAPTURE_AUTORELEASING = YES;
				CLANG_WARN_BOOL_CONVERSION = YES;
				CLANG_WARN_COMMA = YES;
				CLANG_WARN_CONSTANT_CONVERSION = YES;
				CLANG_WARN_DEPRECATED_OBJC_IMPLEMENTATIONS = YES;
				CLANG_WARN_DIRECT_OBJC_ISA_USAGE = YES_ERROR;
				CLANG_WARN_DOCUMENTATION_COMMENTS = YES;
				CLANG_WARN_EMPTY_BODY = YES;
				CLANG_WARN_ENUM_CONVERSION = YES;
				CLANG_WARN_INFINITE_RECURSION = YES;
				CLANG_WARN_INT_CONVERSION = YES;
				CLANG_WARN_NON_LITERAL_NULL_CONVERSION = YES;
				CLANG_WARN_OBJC_IMPLICIT_RETAIN_SELF = YES;
				CLANG_WARN_OBJC_LITERAL_CONVERSION = YES;
				CLANG_WARN_OBJC_ROOT_CLASS = YES_ERROR;
				CLANG_WARN_RANGE_LOOP_ANALYSIS = YES;
				CLANG_WARN_STRICT_PROTOTYPES = YES;
				CLANG_WARN_SUSPICIOUS_MOVE = YES;
				CLANG_WARN_UNGUARDED_AVAILABILITY = YES_AGGRESSIVE;
				CLANG_WARN_UNREACHABLE_CODE = YES;
				CLANG_WARN__DUPLICATE_METHOD_MATCH = YES;
				CODE_SIGN_IDENTITY = "iPhone Developer";
				COPY_PHASE_STRIP = NO;
				CURRENT_PROJECT_VERSION = 1;
				DEBUG_INFORMATION_FORMAT = dwarf;
				ENABLE_STRICT_OBJC_MSGSEND = YES;
				ENABLE_TESTABILITY = YES;
				GCC_C_LANGUAGE_STANDARD = gnu11;
				GCC_DYNAMIC_NO_PIC = NO;
				GCC_NO_COMMON_BLOCKS = YES;
				GCC_OPTIMIZATION_LEVEL = 0;
				GCC_PREPROCESSOR_DEFINITIONS = (
					"DEBUG=1",
					"$(inherited)",
				);
				GCC_WARN_64_TO_32_BIT_CONVERSION = YES;
				GCC_WARN_ABOUT_RETURN_TYPE = YES_ERROR;
				GCC_WARN_UNDECLARED_SELECTOR = YES;
				GCC_WARN_UNINITIALIZED_AUTOS = YES_AGGRESSIVE;
				GCC_WARN_UNUSED_FUNCTION = YES;
				GCC_WARN_UNUSED_VARIABLE = YES;
				IPHONEOS_DEPLOYMENT_TARGET = 12.0;
				MTL_ENABLE_DEBUG_INFO = INCLUDE_SOURCE;
				MTL_FAST_MATH = YES;
				ONLY_ACTIVE_ARCH = YES;
				SDKROOT = iphoneos;
				SWIFT_ACTIVE_COMPILATION_CONDITIONS = DEBUG;
				SWIFT_OPTIMIZATION_LEVEL = "-Onone";
				VERSIONING_SYSTEM = "apple-generic";
				VERSION_INFO_PREFIX = "";
			};
			name = Debug;
		};
		8C3815B721B021A400F2CC17 /* Release */ = {
			isa = XCBuildConfiguration;
			buildSettings = {
				ALWAYS_SEARCH_USER_PATHS = NO;
				CLANG_ANALYZER_NONNULL = YES;
				CLANG_ANALYZER_NUMBER_OBJECT_CONVERSION = YES_AGGRESSIVE;
				CLANG_CXX_LANGUAGE_STANDARD = "gnu++14";
				CLANG_CXX_LIBRARY = "libc++";
				CLANG_ENABLE_MODULES = YES;
				CLANG_ENABLE_OBJC_ARC = YES;
				CLANG_ENABLE_OBJC_WEAK = YES;
				CLANG_WARN_BLOCK_CAPTURE_AUTORELEASING = YES;
				CLANG_WARN_BOOL_CONVERSION = YES;
				CLANG_WARN_COMMA = YES;
				CLANG_WARN_CONSTANT_CONVERSION = YES;
				CLANG_WARN_DEPRECATED_OBJC_IMPLEMENTATIONS = YES;
				CLANG_WARN_DIRECT_OBJC_ISA_USAGE = YES_ERROR;
				CLANG_WARN_DOCUMENTATION_COMMENTS = YES;
				CLANG_WARN_EMPTY_BODY = YES;
				CLANG_WARN_ENUM_CONVERSION = YES;
				CLANG_WARN_INFINITE_RECURSION = YES;
				CLANG_WARN_INT_CONVERSION = YES;
				CLANG_WARN_NON_LITERAL_NULL_CONVERSION = YES;
				CLANG_WARN_OBJC_IMPLICIT_RETAIN_SELF = YES;
				CLANG_WARN_OBJC_LITERAL_CONVERSION = YES;
				CLANG_WARN_OBJC_ROOT_CLASS = YES_ERROR;
				CLANG_WARN_RANGE_LOOP_ANALYSIS = YES;
				CLANG_WARN_STRICT_PROTOTYPES = YES;
				CLANG_WARN_SUSPICIOUS_MOVE = YES;
				CLANG_WARN_UNGUARDED_AVAILABILITY = YES_AGGRESSIVE;
				CLANG_WARN_UNREACHABLE_CODE = YES;
				CLANG_WARN__DUPLICATE_METHOD_MATCH = YES;
				CODE_SIGN_IDENTITY = "iPhone Developer";
				COPY_PHASE_STRIP = NO;
				CURRENT_PROJECT_VERSION = 1;
				DEBUG_INFORMATION_FORMAT = "dwarf-with-dsym";
				ENABLE_NS_ASSERTIONS = NO;
				ENABLE_STRICT_OBJC_MSGSEND = YES;
				GCC_C_LANGUAGE_STANDARD = gnu11;
				GCC_NO_COMMON_BLOCKS = YES;
				GCC_WARN_64_TO_32_BIT_CONVERSION = YES;
				GCC_WARN_ABOUT_RETURN_TYPE = YES_ERROR;
				GCC_WARN_UNDECLARED_SELECTOR = YES;
				GCC_WARN_UNINITIALIZED_AUTOS = YES_AGGRESSIVE;
				GCC_WARN_UNUSED_FUNCTION = YES;
				GCC_WARN_UNUSED_VARIABLE = YES;
				IPHONEOS_DEPLOYMENT_TARGET = 12.0;
				MTL_ENABLE_DEBUG_INFO = NO;
				MTL_FAST_MATH = YES;
				SDKROOT = iphoneos;
				SWIFT_COMPILATION_MODE = wholemodule;
				SWIFT_OPTIMIZATION_LEVEL = "-O";
				VALIDATE_PRODUCT = YES;
				VERSIONING_SYSTEM = "apple-generic";
				VERSION_INFO_PREFIX = "";
			};
			name = Release;
		};
		8C3815B921B021A400F2CC17 /* Debug */ = {
			isa = XCBuildConfiguration;
			baseConfigurationReference = BF2062ED3FDEC418917E5FD3 /* Pods-Mercury.debug.xcconfig */;
			buildSettings = {
				CODE_SIGN_IDENTITY = "";
				CODE_SIGN_STYLE = Automatic;
				DEFINES_MODULE = YES;
				DEVELOPMENT_TEAM = Y6QKS4Y8B9;
				DYLIB_COMPATIBILITY_VERSION = 1;
				DYLIB_CURRENT_VERSION = 1;
				DYLIB_INSTALL_NAME_BASE = "@rpath";
				INFOPLIST_FILE = Mercury/Info.plist;
				INSTALL_PATH = "$(LOCAL_LIBRARY_DIR)/Frameworks";
				LD_RUNPATH_SEARCH_PATHS = (
					"$(inherited)",
					"@executable_path/Frameworks",
					"@loader_path/Frameworks",
				);
				PRODUCT_BUNDLE_IDENTIFIER = com.vkaltyrin.Mercury;
				PRODUCT_NAME = "$(TARGET_NAME:c99extidentifier)";
				SKIP_INSTALL = YES;
				SWIFT_VERSION = 4.2;
				TARGETED_DEVICE_FAMILY = "1,2";
			};
			name = Debug;
		};
		8C3815BA21B021A400F2CC17 /* Release */ = {
			isa = XCBuildConfiguration;
			baseConfigurationReference = FBBD5DFB4AE7F1D57AC0718D /* Pods-Mercury.release.xcconfig */;
			buildSettings = {
				CODE_SIGN_IDENTITY = "";
				CODE_SIGN_STYLE = Automatic;
				DEFINES_MODULE = YES;
				DEVELOPMENT_TEAM = Y6QKS4Y8B9;
				DYLIB_COMPATIBILITY_VERSION = 1;
				DYLIB_CURRENT_VERSION = 1;
				DYLIB_INSTALL_NAME_BASE = "@rpath";
				INFOPLIST_FILE = Mercury/Info.plist;
				INSTALL_PATH = "$(LOCAL_LIBRARY_DIR)/Frameworks";
				LD_RUNPATH_SEARCH_PATHS = (
					"$(inherited)",
					"@executable_path/Frameworks",
					"@loader_path/Frameworks",
				);
				PRODUCT_BUNDLE_IDENTIFIER = com.vkaltyrin.Mercury;
				PRODUCT_NAME = "$(TARGET_NAME:c99extidentifier)";
				SKIP_INSTALL = YES;
				SWIFT_VERSION = 4.2;
				TARGETED_DEVICE_FAMILY = "1,2";
			};
			name = Release;
		};
		8C3815BC21B021A400F2CC17 /* Debug */ = {
			isa = XCBuildConfiguration;
			baseConfigurationReference = 6F68C36648C11E3076D8B432 /* Pods-MercuryTests.debug.xcconfig */;
			buildSettings = {
				ALWAYS_EMBED_SWIFT_STANDARD_LIBRARIES = YES;
				CODE_SIGN_STYLE = Automatic;
				DEVELOPMENT_TEAM = Y6QKS4Y8B9;
				INFOPLIST_FILE = MercuryTests/Info.plist;
				LD_RUNPATH_SEARCH_PATHS = (
					"$(inherited)",
					"@executable_path/Frameworks",
					"@loader_path/Frameworks",
				);
				PRODUCT_BUNDLE_IDENTIFIER = com.vkaltyrin.MercuryTests;
				PRODUCT_NAME = "$(TARGET_NAME)";
				SWIFT_VERSION = 4.2;
				TARGETED_DEVICE_FAMILY = "1,2";
			};
			name = Debug;
		};
		8C3815BD21B021A400F2CC17 /* Release */ = {
			isa = XCBuildConfiguration;
			baseConfigurationReference = CF7002A95532526CCD517984 /* Pods-MercuryTests.release.xcconfig */;
			buildSettings = {
				ALWAYS_EMBED_SWIFT_STANDARD_LIBRARIES = YES;
				CODE_SIGN_STYLE = Automatic;
				DEVELOPMENT_TEAM = Y6QKS4Y8B9;
				INFOPLIST_FILE = MercuryTests/Info.plist;
				LD_RUNPATH_SEARCH_PATHS = (
					"$(inherited)",
					"@executable_path/Frameworks",
					"@loader_path/Frameworks",
				);
				PRODUCT_BUNDLE_IDENTIFIER = com.vkaltyrin.MercuryTests;
				PRODUCT_NAME = "$(TARGET_NAME)";
				SWIFT_VERSION = 4.2;
				TARGETED_DEVICE_FAMILY = "1,2";
			};
			name = Release;
		};
/* End XCBuildConfiguration section */

/* Begin XCConfigurationList section */
		8C38159E21B021A400F2CC17 /* Build configuration list for PBXProject "Mercury" */ = {
			isa = XCConfigurationList;
			buildConfigurations = (
				8C3815B621B021A400F2CC17 /* Debug */,
				8C3815B721B021A400F2CC17 /* Release */,
			);
			defaultConfigurationIsVisible = 0;
			defaultConfigurationName = Release;
		};
		8C3815B821B021A400F2CC17 /* Build configuration list for PBXNativeTarget "Mercury" */ = {
			isa = XCConfigurationList;
			buildConfigurations = (
				8C3815B921B021A400F2CC17 /* Debug */,
				8C3815BA21B021A400F2CC17 /* Release */,
			);
			defaultConfigurationIsVisible = 0;
			defaultConfigurationName = Release;
		};
		8C3815BB21B021A400F2CC17 /* Build configuration list for PBXNativeTarget "MercuryTests" */ = {
			isa = XCConfigurationList;
			buildConfigurations = (
				8C3815BC21B021A400F2CC17 /* Debug */,
				8C3815BD21B021A400F2CC17 /* Release */,
			);
			defaultConfigurationIsVisible = 0;
			defaultConfigurationName = Release;
		};
/* End XCConfigurationList section */
	};
	rootObject = 8C38159B21B021A400F2CC17 /* Project object */;
}
