// !$*UTF8*$!
{
	archiveVersion = 1;
	classes = {
	};
	objectVersion = 50;
	objects = {

/* Begin PBXBuildFile section */
		8CD8813F209B5D430083079C /* AppDelegate.swift in Sources */ = {isa = PBXBuildFile; fileRef = 8CD8813E209B5D430083079C /* AppDelegate.swift */; };
		8CD88141209B5D430083079C /* ViewController.swift in Sources */ = {isa = PBXBuildFile; fileRef = 8CD88140209B5D430083079C /* ViewController.swift */; };
		8CD88144209B5D430083079C /* Main.storyboard in Resources */ = {isa = PBXBuildFile; fileRef = 8CD88142209B5D430083079C /* Main.storyboard */; };
		8CD88146209B5D440083079C /* Assets.xcassets in Resources */ = {isa = PBXBuildFile; fileRef = 8CD88145209B5D440083079C /* Assets.xcassets */; };
		8CD88149209B5D440083079C /* LaunchScreen.storyboard in Resources */ = {isa = PBXBuildFile; fileRef = 8CD88147209B5D440083079C /* LaunchScreen.storyboard */; };
		8CD88154209B5D440083079C /* RequestoTests.swift in Sources */ = {isa = PBXBuildFile; fileRef = 8CD88153209B5D440083079C /* RequestoTests.swift */; };
		8CD881A6209B5D6A0083079C /* ApiClient.swift in Sources */ = {isa = PBXBuildFile; fileRef = 8CD8815F209B5D6A0083079C /* ApiClient.swift */; };
		8CD881A7209B5D6A0083079C /* CurrentDateProvider.swift in Sources */ = {isa = PBXBuildFile; fileRef = 8CD88161209B5D6A0083079C /* CurrentDateProvider.swift */; };
		8CD881A8209B5D6A0083079C /* DispatchQueue+Extensions.swift in Sources */ = {isa = PBXBuildFile; fileRef = 8CD88163209B5D6A0083079C /* DispatchQueue+Extensions.swift */; };
		8CD881A9209B5D6A0083079C /* Unbox+Extensions.swift in Sources */ = {isa = PBXBuildFile; fileRef = 8CD88164209B5D6A0083079C /* Unbox+Extensions.swift */; };
		8CD881AA209B5D6A0083079C /* String+URLEncodeForChecksum.swift in Sources */ = {isa = PBXBuildFile; fileRef = 8CD88165209B5D6A0083079C /* String+URLEncodeForChecksum.swift */; };
		8CD881AB209B5D6A0083079C /* Data+JSON.swift in Sources */ = {isa = PBXBuildFile; fileRef = 8CD88166209B5D6A0083079C /* Data+JSON.swift */; };
		8CD881AC209B5D6A0083079C /* URLRequest+HttpHeader.swift in Sources */ = {isa = PBXBuildFile; fileRef = 8CD88167209B5D6A0083079C /* URLRequest+HttpHeader.swift */; };
		8CD881AD209B5D6A0083079C /* UIDeviceExtension.swift in Sources */ = {isa = PBXBuildFile; fileRef = 8CD88168209B5D6A0083079C /* UIDeviceExtension.swift */; };
		8CD881AE209B5D6A0083079C /* NSURLPathComponents.swift in Sources */ = {isa = PBXBuildFile; fileRef = 8CD88169209B5D6A0083079C /* NSURLPathComponents.swift */; };
		8CD881AF209B5D6A0083079C /* CollectionsExtensions.swift in Sources */ = {isa = PBXBuildFile; fileRef = 8CD8816B209B5D6A0083079C /* CollectionsExtensions.swift */; };
		8CD881B0209B5D6A0083079C /* NumbersExtension.swift in Sources */ = {isa = PBXBuildFile; fileRef = 8CD8816C209B5D6A0083079C /* NumbersExtension.swift */; };
		8CD881B1209B5D6A0083079C /* AppMetadataExtension.swift in Sources */ = {isa = PBXBuildFile; fileRef = 8CD8816D209B5D6A0083079C /* AppMetadataExtension.swift */; };
		8CD881B2209B5D6A0083079C /* SequenceTypeExtensions.swift in Sources */ = {isa = PBXBuildFile; fileRef = 8CD8816E209B5D6A0083079C /* SequenceTypeExtensions.swift */; };
		8CD881B3209B5D6A0083079C /* SubstringExtension.swift in Sources */ = {isa = PBXBuildFile; fileRef = 8CD8816F209B5D6A0083079C /* SubstringExtension.swift */; };
		8CD881B4209B5D6A0083079C /* CollectionsConvenienceExtensions.swift in Sources */ = {isa = PBXBuildFile; fileRef = 8CD88170209B5D6A0083079C /* CollectionsConvenienceExtensions.swift */; };
		8CD881B5209B5D6A0083079C /* RangeExtension.swift in Sources */ = {isa = PBXBuildFile; fileRef = 8CD88171209B5D6A0083079C /* RangeExtension.swift */; };
		8CD881B6209B5D6A0083079C /* DictionaryExtensions.swift in Sources */ = {isa = PBXBuildFile; fileRef = 8CD88172209B5D6A0083079C /* DictionaryExtensions.swift */; };
		8CD881B7209B5D6A0083079C /* OptionalsExtensions.swift in Sources */ = {isa = PBXBuildFile; fileRef = 8CD88173209B5D6A0083079C /* OptionalsExtensions.swift */; };
		8CD881B8209B5D6A0083079C /* String+Pluralization.swift in Sources */ = {isa = PBXBuildFile; fileRef = 8CD88174209B5D6A0083079C /* String+Pluralization.swift */; };
		8CD881B9209B5D6A0083079C /* StringExtension.swift in Sources */ = {isa = PBXBuildFile; fileRef = 8CD88175209B5D6A0083079C /* StringExtension.swift */; };
		8CD881BA209B5D6A0083079C /* ArrayRandomAccessAddition.swift in Sources */ = {isa = PBXBuildFile; fileRef = 8CD88176209B5D6A0083079C /* ArrayRandomAccessAddition.swift */; };
		8CD881BB209B5D6A0083079C /* HTTPCookieExtensions.swift in Sources */ = {isa = PBXBuildFile; fileRef = 8CD88177209B5D6A0083079C /* HTTPCookieExtensions.swift */; };
		8CD881BC209B5D6A0083079C /* README.md in Resources */ = {isa = PBXBuildFile; fileRef = 8CD88178209B5D6A0083079C /* README.md */; };
		8CD881BD209B5D6A0083079C /* NetworkFactory.swift in Sources */ = {isa = PBXBuildFile; fileRef = 8CD88179209B5D6A0083079C /* NetworkFactory.swift */; };
		8CD881BE209B5D6A0083079C /* ApiError.swift in Sources */ = {isa = PBXBuildFile; fileRef = 8CD8817C209B5D6A0083079C /* ApiError.swift */; };
		8CD881BF209B5D6A0083079C /* ResponseCode.swift in Sources */ = {isa = PBXBuildFile; fileRef = 8CD8817D209B5D6A0083079C /* ResponseCode.swift */; };
		8CD881C0209B5D6A0083079C /* SuccessResponse.swift in Sources */ = {isa = PBXBuildFile; fileRef = 8CD8817E209B5D6A0083079C /* SuccessResponse.swift */; };
		8CD881C1209B5D6A0083079C /* CookieType.swift in Sources */ = {isa = PBXBuildFile; fileRef = 8CD88180209B5D6A0083079C /* CookieType.swift */; };
		8CD881C2209B5D6A0083079C /* CurrentSessionInfoHolder.swift in Sources */ = {isa = PBXBuildFile; fileRef = 8CD88181209B5D6A0083079C /* CurrentSessionInfoHolder.swift */; };
		8CD881C3209B5D6A0083079C /* SessionInfo.swift in Sources */ = {isa = PBXBuildFile; fileRef = 8CD88182209B5D6A0083079C /* SessionInfo.swift */; };
		8CD881C4209B5D6A0083079C /* UserSessionDiff.swift in Sources */ = {isa = PBXBuildFile; fileRef = 8CD88183209B5D6A0083079C /* UserSessionDiff.swift */; };
		8CD881C5209B5D6A0083079C /* HttpHeader.swift in Sources */ = {isa = PBXBuildFile; fileRef = 8CD88184209B5D6A0083079C /* HttpHeader.swift */; };
		8CD881C6209B5D6A0083079C /* UploadMultipartFormDataRequestOperation.swift in Sources */ = {isa = PBXBuildFile; fileRef = 8CD88186209B5D6A0083079C /* UploadMultipartFormDataRequestOperation.swift */; };
		8CD881C7209B5D6A0083079C /* ApiMethod.swift in Sources */ = {isa = PBXBuildFile; fileRef = 8CD88188209B5D6A0083079C /* ApiMethod.swift */; };
		8CD881C8209B5D6A0083079C /* HttpMethod.swift in Sources */ = {isa = PBXBuildFile; fileRef = 8CD88189209B5D6A0083079C /* HttpMethod.swift */; };
		8CD881C9209B5D6A0083079C /* Request.swift in Sources */ = {isa = PBXBuildFile; fileRef = 8CD8818A209B5D6A0083079C /* Request.swift */; };
		8CD881CA209B5D6A0083079C /* DataResult.swift in Sources */ = {isa = PBXBuildFile; fileRef = 8CD8818B209B5D6A0083079C /* DataResult.swift */; };
		8CD881CB209B5D6A0083079C /* RequestError.swift in Sources */ = {isa = PBXBuildFile; fileRef = 8CD8818C209B5D6A0083079C /* RequestError.swift */; };
		8CD881CC209B5D6A0083079C /* ResultConverter.swift in Sources */ = {isa = PBXBuildFile; fileRef = 8CD8818F209B5D6A0083079C /* ResultConverter.swift */; };
		8CD881CD209B5D6A0083079C /* ResponseConverter.swift in Sources */ = {isa = PBXBuildFile; fileRef = 8CD88190209B5D6A0083079C /* ResponseConverter.swift */; };
		8CD881CE209B5D6A0083079C /* ErrorConverter.swift in Sources */ = {isa = PBXBuildFile; fileRef = 8CD88191209B5D6A0083079C /* ErrorConverter.swift */; };
		8CD881CF209B5D6A0083079C /* ResponseConverterOf.swift in Sources */ = {isa = PBXBuildFile; fileRef = 8CD88192209B5D6A0083079C /* ResponseConverterOf.swift */; };
		8CD881D0209B5D6A0083079C /* RequestBuilder.swift in Sources */ = {isa = PBXBuildFile; fileRef = 8CD88193209B5D6A0083079C /* RequestBuilder.swift */; };
		8CD881D1209B5D6A0083079C /* UserSessionProvider.swift in Sources */ = {isa = PBXBuildFile; fileRef = 8CD88195209B5D6A0083079C /* UserSessionProvider.swift */; };
		8CD881D2209B5D6A0083079C /* KeychainConstants.swift in Sources */ = {isa = PBXBuildFile; fileRef = 8CD88196209B5D6A0083079C /* KeychainConstants.swift */; };
		8CD881D3209B5D6A0083079C /* KeychainSensitiveDataProvider.swift in Sources */ = {isa = PBXBuildFile; fileRef = 8CD88197209B5D6A0083079C /* KeychainSensitiveDataProvider.swift */; };
		8CD881D4209B5D6A0083079C /* SensetiveDataProvider.swift in Sources */ = {isa = PBXBuildFile; fileRef = 8CD88198209B5D6A0083079C /* SensetiveDataProvider.swift */; };
		8CD881D5209B5D6A0083079C /* SessionStorage.swift in Sources */ = {isa = PBXBuildFile; fileRef = 8CD88199209B5D6A0083079C /* SessionStorage.swift */; };
		8CD881D6209B5D6A0083079C /* SensetiveDataStorage.swift in Sources */ = {isa = PBXBuildFile; fileRef = 8CD8819A209B5D6A0083079C /* SensetiveDataStorage.swift */; };
		8CD881D7209B5D6A0083079C /* JsonResponseParserImpl.swift in Sources */ = {isa = PBXBuildFile; fileRef = 8CD8819D209B5D6A0083079C /* JsonResponseParserImpl.swift */; };
		8CD881D8209B5D6A0083079C /* ResponseParser.swift in Sources */ = {isa = PBXBuildFile; fileRef = 8CD8819E209B5D6A0083079C /* ResponseParser.swift */; };
		8CD881D9209B5D6A0083079C /* CommonRequestHeadersProvider.swift in Sources */ = {isa = PBXBuildFile; fileRef = 8CD881A0209B5D6A0083079C /* CommonRequestHeadersProvider.swift */; };
		8CD881DA209B5D6A0083079C /* XDateHeaderProvider.swift in Sources */ = {isa = PBXBuildFile; fileRef = 8CD881A3209B5D6A0083079C /* XDateHeaderProvider.swift */; };
		8CD881DB209B5D6A0083079C /* XSessionHeaderProvider.swift in Sources */ = {isa = PBXBuildFile; fileRef = 8CD881A5209B5D6A0083079C /* XSessionHeaderProvider.swift */; };
/* End PBXBuildFile section */

/* Begin PBXContainerItemProxy section */
		8CD88150209B5D440083079C /* PBXContainerItemProxy */ = {
			isa = PBXContainerItemProxy;
			containerPortal = 8CD88133209B5D430083079C /* Project object */;
			proxyType = 1;
			remoteGlobalIDString = 8CD8813A209B5D430083079C;
			remoteInfo = Requesto;
		};
/* End PBXContainerItemProxy section */

/* Begin PBXFileReference section */
		8CD8813B209B5D430083079C /* Requesto.app */ = {isa = PBXFileReference; explicitFileType = wrapper.application; includeInIndex = 0; path = Requesto.app; sourceTree = BUILT_PRODUCTS_DIR; };
		8CD8813E209B5D430083079C /* AppDelegate.swift */ = {isa = PBXFileReference; lastKnownFileType = sourcecode.swift; path = AppDelegate.swift; sourceTree = "<group>"; };
		8CD88140209B5D430083079C /* ViewController.swift */ = {isa = PBXFileReference; lastKnownFileType = sourcecode.swift; path = ViewController.swift; sourceTree = "<group>"; };
		8CD88143209B5D430083079C /* Base */ = {isa = PBXFileReference; lastKnownFileType = file.storyboard; name = Base; path = Base.lproj/Main.storyboard; sourceTree = "<group>"; };
		8CD88145209B5D440083079C /* Assets.xcassets */ = {isa = PBXFileReference; lastKnownFileType = folder.assetcatalog; path = Assets.xcassets; sourceTree = "<group>"; };
		8CD88148209B5D440083079C /* Base */ = {isa = PBXFileReference; lastKnownFileType = file.storyboard; name = Base; path = Base.lproj/LaunchScreen.storyboard; sourceTree = "<group>"; };
		8CD8814A209B5D440083079C /* Info.plist */ = {isa = PBXFileReference; lastKnownFileType = text.plist.xml; path = Info.plist; sourceTree = "<group>"; };
		8CD8814F209B5D440083079C /* RequestoTests.xctest */ = {isa = PBXFileReference; explicitFileType = wrapper.cfbundle; includeInIndex = 0; path = RequestoTests.xctest; sourceTree = BUILT_PRODUCTS_DIR; };
		8CD88153209B5D440083079C /* RequestoTests.swift */ = {isa = PBXFileReference; lastKnownFileType = sourcecode.swift; path = RequestoTests.swift; sourceTree = "<group>"; };
		8CD88155209B5D440083079C /* Info.plist */ = {isa = PBXFileReference; lastKnownFileType = text.plist.xml; path = Info.plist; sourceTree = "<group>"; };
		8CD8815F209B5D6A0083079C /* ApiClient.swift */ = {isa = PBXFileReference; fileEncoding = 4; lastKnownFileType = sourcecode.swift; path = ApiClient.swift; sourceTree = "<group>"; };
		8CD88161209B5D6A0083079C /* CurrentDateProvider.swift */ = {isa = PBXFileReference; fileEncoding = 4; lastKnownFileType = sourcecode.swift; path = CurrentDateProvider.swift; sourceTree = "<group>"; };
		8CD88163209B5D6A0083079C /* DispatchQueue+Extensions.swift */ = {isa = PBXFileReference; fileEncoding = 4; lastKnownFileType = sourcecode.swift; path = "DispatchQueue+Extensions.swift"; sourceTree = "<group>"; };
		8CD88164209B5D6A0083079C /* Unbox+Extensions.swift */ = {isa = PBXFileReference; fileEncoding = 4; lastKnownFileType = sourcecode.swift; path = "Unbox+Extensions.swift"; sourceTree = "<group>"; };
		8CD88165209B5D6A0083079C /* String+URLEncodeForChecksum.swift */ = {isa = PBXFileReference; fileEncoding = 4; lastKnownFileType = sourcecode.swift; path = "String+URLEncodeForChecksum.swift"; sourceTree = "<group>"; };
		8CD88166209B5D6A0083079C /* Data+JSON.swift */ = {isa = PBXFileReference; fileEncoding = 4; lastKnownFileType = sourcecode.swift; path = "Data+JSON.swift"; sourceTree = "<group>"; };
		8CD88167209B5D6A0083079C /* URLRequest+HttpHeader.swift */ = {isa = PBXFileReference; fileEncoding = 4; lastKnownFileType = sourcecode.swift; path = "URLRequest+HttpHeader.swift"; sourceTree = "<group>"; };
		8CD88168209B5D6A0083079C /* UIDeviceExtension.swift */ = {isa = PBXFileReference; fileEncoding = 4; lastKnownFileType = sourcecode.swift; path = UIDeviceExtension.swift; sourceTree = "<group>"; };
		8CD88169209B5D6A0083079C /* NSURLPathComponents.swift */ = {isa = PBXFileReference; fileEncoding = 4; lastKnownFileType = sourcecode.swift; path = NSURLPathComponents.swift; sourceTree = "<group>"; };
		8CD8816B209B5D6A0083079C /* CollectionsExtensions.swift */ = {isa = PBXFileReference; fileEncoding = 4; lastKnownFileType = sourcecode.swift; path = CollectionsExtensions.swift; sourceTree = "<group>"; };
		8CD8816C209B5D6A0083079C /* NumbersExtension.swift */ = {isa = PBXFileReference; fileEncoding = 4; lastKnownFileType = sourcecode.swift; path = NumbersExtension.swift; sourceTree = "<group>"; };
		8CD8816D209B5D6A0083079C /* AppMetadataExtension.swift */ = {isa = PBXFileReference; fileEncoding = 4; lastKnownFileType = sourcecode.swift; path = AppMetadataExtension.swift; sourceTree = "<group>"; };
		8CD8816E209B5D6A0083079C /* SequenceTypeExtensions.swift */ = {isa = PBXFileReference; fileEncoding = 4; lastKnownFileType = sourcecode.swift; path = SequenceTypeExtensions.swift; sourceTree = "<group>"; };
		8CD8816F209B5D6A0083079C /* SubstringExtension.swift */ = {isa = PBXFileReference; fileEncoding = 4; lastKnownFileType = sourcecode.swift; path = SubstringExtension.swift; sourceTree = "<group>"; };
		8CD88170209B5D6A0083079C /* CollectionsConvenienceExtensions.swift */ = {isa = PBXFileReference; fileEncoding = 4; lastKnownFileType = sourcecode.swift; path = CollectionsConvenienceExtensions.swift; sourceTree = "<group>"; };
		8CD88171209B5D6A0083079C /* RangeExtension.swift */ = {isa = PBXFileReference; fileEncoding = 4; lastKnownFileType = sourcecode.swift; path = RangeExtension.swift; sourceTree = "<group>"; };
		8CD88172209B5D6A0083079C /* DictionaryExtensions.swift */ = {isa = PBXFileReference; fileEncoding = 4; lastKnownFileType = sourcecode.swift; path = DictionaryExtensions.swift; sourceTree = "<group>"; };
		8CD88173209B5D6A0083079C /* OptionalsExtensions.swift */ = {isa = PBXFileReference; fileEncoding = 4; lastKnownFileType = sourcecode.swift; path = OptionalsExtensions.swift; sourceTree = "<group>"; };
		8CD88174209B5D6A0083079C /* String+Pluralization.swift */ = {isa = PBXFileReference; fileEncoding = 4; lastKnownFileType = sourcecode.swift; path = "String+Pluralization.swift"; sourceTree = "<group>"; };
		8CD88175209B5D6A0083079C /* StringExtension.swift */ = {isa = PBXFileReference; fileEncoding = 4; lastKnownFileType = sourcecode.swift; path = StringExtension.swift; sourceTree = "<group>"; };
		8CD88176209B5D6A0083079C /* ArrayRandomAccessAddition.swift */ = {isa = PBXFileReference; fileEncoding = 4; lastKnownFileType = sourcecode.swift; path = ArrayRandomAccessAddition.swift; sourceTree = "<group>"; };
		8CD88177209B5D6A0083079C /* HTTPCookieExtensions.swift */ = {isa = PBXFileReference; fileEncoding = 4; lastKnownFileType = sourcecode.swift; path = HTTPCookieExtensions.swift; sourceTree = "<group>"; };
		8CD88178209B5D6A0083079C /* README.md */ = {isa = PBXFileReference; fileEncoding = 4; lastKnownFileType = net.daringfireball.markdown; path = README.md; sourceTree = "<group>"; };
		8CD88179209B5D6A0083079C /* NetworkFactory.swift */ = {isa = PBXFileReference; fileEncoding = 4; lastKnownFileType = sourcecode.swift; path = NetworkFactory.swift; sourceTree = "<group>"; };
		8CD8817C209B5D6A0083079C /* ApiError.swift */ = {isa = PBXFileReference; fileEncoding = 4; lastKnownFileType = sourcecode.swift; path = ApiError.swift; sourceTree = "<group>"; };
		8CD8817D209B5D6A0083079C /* ResponseCode.swift */ = {isa = PBXFileReference; fileEncoding = 4; lastKnownFileType = sourcecode.swift; path = ResponseCode.swift; sourceTree = "<group>"; };
		8CD8817E209B5D6A0083079C /* SuccessResponse.swift */ = {isa = PBXFileReference; fileEncoding = 4; lastKnownFileType = sourcecode.swift; path = SuccessResponse.swift; sourceTree = "<group>"; };
		8CD88180209B5D6A0083079C /* CookieType.swift */ = {isa = PBXFileReference; fileEncoding = 4; lastKnownFileType = sourcecode.swift; path = CookieType.swift; sourceTree = "<group>"; };
		8CD88181209B5D6A0083079C /* CurrentSessionInfoHolder.swift */ = {isa = PBXFileReference; fileEncoding = 4; lastKnownFileType = sourcecode.swift; path = CurrentSessionInfoHolder.swift; sourceTree = "<group>"; };
		8CD88182209B5D6A0083079C /* SessionInfo.swift */ = {isa = PBXFileReference; fileEncoding = 4; lastKnownFileType = sourcecode.swift; path = SessionInfo.swift; sourceTree = "<group>"; };
		8CD88183209B5D6A0083079C /* UserSessionDiff.swift */ = {isa = PBXFileReference; fileEncoding = 4; lastKnownFileType = sourcecode.swift; path = UserSessionDiff.swift; sourceTree = "<group>"; };
		8CD88184209B5D6A0083079C /* HttpHeader.swift */ = {isa = PBXFileReference; fileEncoding = 4; lastKnownFileType = sourcecode.swift; path = HttpHeader.swift; sourceTree = "<group>"; };
		8CD88186209B5D6A0083079C /* UploadMultipartFormDataRequestOperation.swift */ = {isa = PBXFileReference; fileEncoding = 4; lastKnownFileType = sourcecode.swift; path = UploadMultipartFormDataRequestOperation.swift; sourceTree = "<group>"; };
		8CD88188209B5D6A0083079C /* ApiMethod.swift */ = {isa = PBXFileReference; fileEncoding = 4; lastKnownFileType = sourcecode.swift; path = ApiMethod.swift; sourceTree = "<group>"; };
		8CD88189209B5D6A0083079C /* HttpMethod.swift */ = {isa = PBXFileReference; fileEncoding = 4; lastKnownFileType = sourcecode.swift; path = HttpMethod.swift; sourceTree = "<group>"; };
		8CD8818A209B5D6A0083079C /* Request.swift */ = {isa = PBXFileReference; fileEncoding = 4; lastKnownFileType = sourcecode.swift; path = Request.swift; sourceTree = "<group>"; };
		8CD8818B209B5D6A0083079C /* DataResult.swift */ = {isa = PBXFileReference; fileEncoding = 4; lastKnownFileType = sourcecode.swift; path = DataResult.swift; sourceTree = "<group>"; };
		8CD8818C209B5D6A0083079C /* RequestError.swift */ = {isa = PBXFileReference; fileEncoding = 4; lastKnownFileType = sourcecode.swift; path = RequestError.swift; sourceTree = "<group>"; };
		8CD8818F209B5D6A0083079C /* ResultConverter.swift */ = {isa = PBXFileReference; fileEncoding = 4; lastKnownFileType = sourcecode.swift; path = ResultConverter.swift; sourceTree = "<group>"; };
		8CD88190209B5D6A0083079C /* ResponseConverter.swift */ = {isa = PBXFileReference; fileEncoding = 4; lastKnownFileType = sourcecode.swift; path = ResponseConverter.swift; sourceTree = "<group>"; };
		8CD88191209B5D6A0083079C /* ErrorConverter.swift */ = {isa = PBXFileReference; fileEncoding = 4; lastKnownFileType = sourcecode.swift; path = ErrorConverter.swift; sourceTree = "<group>"; };
		8CD88192209B5D6A0083079C /* ResponseConverterOf.swift */ = {isa = PBXFileReference; fileEncoding = 4; lastKnownFileType = sourcecode.swift; path = ResponseConverterOf.swift; sourceTree = "<group>"; };
		8CD88193209B5D6A0083079C /* RequestBuilder.swift */ = {isa = PBXFileReference; fileEncoding = 4; lastKnownFileType = sourcecode.swift; path = RequestBuilder.swift; sourceTree = "<group>"; };
		8CD88195209B5D6A0083079C /* UserSessionProvider.swift */ = {isa = PBXFileReference; fileEncoding = 4; lastKnownFileType = sourcecode.swift; path = UserSessionProvider.swift; sourceTree = "<group>"; };
		8CD88196209B5D6A0083079C /* KeychainConstants.swift */ = {isa = PBXFileReference; fileEncoding = 4; lastKnownFileType = sourcecode.swift; path = KeychainConstants.swift; sourceTree = "<group>"; };
		8CD88197209B5D6A0083079C /* KeychainSensitiveDataProvider.swift */ = {isa = PBXFileReference; fileEncoding = 4; lastKnownFileType = sourcecode.swift; path = KeychainSensitiveDataProvider.swift; sourceTree = "<group>"; };
		8CD88198209B5D6A0083079C /* SensetiveDataProvider.swift */ = {isa = PBXFileReference; fileEncoding = 4; lastKnownFileType = sourcecode.swift; path = SensetiveDataProvider.swift; sourceTree = "<group>"; };
		8CD88199209B5D6A0083079C /* SessionStorage.swift */ = {isa = PBXFileReference; fileEncoding = 4; lastKnownFileType = sourcecode.swift; path = SessionStorage.swift; sourceTree = "<group>"; };
		8CD8819A209B5D6A0083079C /* SensetiveDataStorage.swift */ = {isa = PBXFileReference; fileEncoding = 4; lastKnownFileType = sourcecode.swift; path = SensetiveDataStorage.swift; sourceTree = "<group>"; };
		8CD8819D209B5D6A0083079C /* JsonResponseParserImpl.swift */ = {isa = PBXFileReference; fileEncoding = 4; lastKnownFileType = sourcecode.swift; path = JsonResponseParserImpl.swift; sourceTree = "<group>"; };
		8CD8819E209B5D6A0083079C /* ResponseParser.swift */ = {isa = PBXFileReference; fileEncoding = 4; lastKnownFileType = sourcecode.swift; path = ResponseParser.swift; sourceTree = "<group>"; };
		8CD881A0209B5D6A0083079C /* CommonRequestHeadersProvider.swift */ = {isa = PBXFileReference; fileEncoding = 4; lastKnownFileType = sourcecode.swift; path = CommonRequestHeadersProvider.swift; sourceTree = "<group>"; };
		8CD881A3209B5D6A0083079C /* XDateHeaderProvider.swift */ = {isa = PBXFileReference; fileEncoding = 4; lastKnownFileType = sourcecode.swift; path = XDateHeaderProvider.swift; sourceTree = "<group>"; };
		8CD881A5209B5D6A0083079C /* XSessionHeaderProvider.swift */ = {isa = PBXFileReference; fileEncoding = 4; lastKnownFileType = sourcecode.swift; path = XSessionHeaderProvider.swift; sourceTree = "<group>"; };
/* End PBXFileReference section */

/* Begin PBXFrameworksBuildPhase section */
		8CD88138209B5D430083079C /* Frameworks */ = {
			isa = PBXFrameworksBuildPhase;
			buildActionMask = 2147483647;
			files = (
			);
			runOnlyForDeploymentPostprocessing = 0;
		};
		8CD8814C209B5D440083079C /* Frameworks */ = {
			isa = PBXFrameworksBuildPhase;
			buildActionMask = 2147483647;
			files = (
			);
			runOnlyForDeploymentPostprocessing = 0;
		};
/* End PBXFrameworksBuildPhase section */

/* Begin PBXGroup section */
		8CD88132209B5D430083079C = {
			isa = PBXGroup;
			children = (
				8CD8813D209B5D430083079C /* Requesto */,
				8CD88152209B5D440083079C /* RequestoTests */,
				8CD8813C209B5D430083079C /* Products */,
			);
			sourceTree = "<group>";
		};
		8CD8813C209B5D430083079C /* Products */ = {
			isa = PBXGroup;
			children = (
				8CD8813B209B5D430083079C /* Requesto.app */,
				8CD8814F209B5D440083079C /* RequestoTests.xctest */,
			);
			name = Products;
			sourceTree = "<group>";
		};
		8CD8813D209B5D430083079C /* Requesto */ = {
			isa = PBXGroup;
			children = (
				8CD8815E209B5D6A0083079C /* ApiClient */,
				8CD8813E209B5D430083079C /* AppDelegate.swift */,
				8CD88140209B5D430083079C /* ViewController.swift */,
				8CD88142209B5D430083079C /* Main.storyboard */,
				8CD88145209B5D440083079C /* Assets.xcassets */,
				8CD88147209B5D440083079C /* LaunchScreen.storyboard */,
				8CD8814A209B5D440083079C /* Info.plist */,
			);
			path = Requesto;
			sourceTree = "<group>";
		};
		8CD88152209B5D440083079C /* RequestoTests */ = {
			isa = PBXGroup;
			children = (
				8CD88153209B5D440083079C /* RequestoTests.swift */,
				8CD88155209B5D440083079C /* Info.plist */,
			);
			path = RequestoTests;
			sourceTree = "<group>";
		};
		8CD8815E209B5D6A0083079C /* ApiClient */ = {
			isa = PBXGroup;
			children = (
				8CD8815F209B5D6A0083079C /* ApiClient.swift */,
				8CD88160209B5D6A0083079C /* Utils */,
				8CD88162209B5D6A0083079C /* Extensions */,
				8CD88178209B5D6A0083079C /* README.md */,
				8CD88179209B5D6A0083079C /* NetworkFactory.swift */,
				8CD8817A209B5D6A0083079C /* Domain */,
				8CD8818D209B5D6A0083079C /* Services */,
			);
			path = ApiClient;
			sourceTree = "<group>";
		};
		8CD88160209B5D6A0083079C /* Utils */ = {
			isa = PBXGroup;
			children = (
				8CD88161209B5D6A0083079C /* CurrentDateProvider.swift */,
			);
			path = Utils;
			sourceTree = "<group>";
		};
		8CD88162209B5D6A0083079C /* Extensions */ = {
			isa = PBXGroup;
			children = (
				8CD88163209B5D6A0083079C /* DispatchQueue+Extensions.swift */,
				8CD88164209B5D6A0083079C /* Unbox+Extensions.swift */,
				8CD88165209B5D6A0083079C /* String+URLEncodeForChecksum.swift */,
				8CD88166209B5D6A0083079C /* Data+JSON.swift */,
				8CD88167209B5D6A0083079C /* URLRequest+HttpHeader.swift */,
				8CD88168209B5D6A0083079C /* UIDeviceExtension.swift */,
				8CD88169209B5D6A0083079C /* NSURLPathComponents.swift */,
				8CD8816A209B5D6A0083079C /* SwiftAdditions */,
				8CD88177209B5D6A0083079C /* HTTPCookieExtensions.swift */,
			);
			path = Extensions;
			sourceTree = "<group>";
		};
		8CD8816A209B5D6A0083079C /* SwiftAdditions */ = {
			isa = PBXGroup;
			children = (
				8CD8816B209B5D6A0083079C /* CollectionsExtensions.swift */,
				8CD8816C209B5D6A0083079C /* NumbersExtension.swift */,
				8CD8816D209B5D6A0083079C /* AppMetadataExtension.swift */,
				8CD8816E209B5D6A0083079C /* SequenceTypeExtensions.swift */,
				8CD8816F209B5D6A0083079C /* SubstringExtension.swift */,
				8CD88170209B5D6A0083079C /* CollectionsConvenienceExtensions.swift */,
				8CD88171209B5D6A0083079C /* RangeExtension.swift */,
				8CD88172209B5D6A0083079C /* DictionaryExtensions.swift */,
				8CD88173209B5D6A0083079C /* OptionalsExtensions.swift */,
				8CD88174209B5D6A0083079C /* String+Pluralization.swift */,
				8CD88175209B5D6A0083079C /* StringExtension.swift */,
				8CD88176209B5D6A0083079C /* ArrayRandomAccessAddition.swift */,
			);
			path = SwiftAdditions;
			sourceTree = "<group>";
		};
		8CD8817A209B5D6A0083079C /* Domain */ = {
			isa = PBXGroup;
			children = (
				8CD8817B209B5D6A0083079C /* Response */,
				8CD8817F209B5D6A0083079C /* User */,
				8CD88184209B5D6A0083079C /* HttpHeader.swift */,
				8CD88185209B5D6A0083079C /* UploadMultipart */,
				8CD88187209B5D6A0083079C /* Request */,
				8CD8818B209B5D6A0083079C /* DataResult.swift */,
				8CD8818C209B5D6A0083079C /* RequestError.swift */,
			);
			path = Domain;
			sourceTree = "<group>";
		};
		8CD8817B209B5D6A0083079C /* Response */ = {
			isa = PBXGroup;
			children = (
				8CD8817C209B5D6A0083079C /* ApiError.swift */,
				8CD8817D209B5D6A0083079C /* ResponseCode.swift */,
				8CD8817E209B5D6A0083079C /* SuccessResponse.swift */,
			);
			path = Response;
			sourceTree = "<group>";
		};
		8CD8817F209B5D6A0083079C /* User */ = {
			isa = PBXGroup;
			children = (
				8CD88180209B5D6A0083079C /* CookieType.swift */,
				8CD88181209B5D6A0083079C /* CurrentSessionInfoHolder.swift */,
				8CD88182209B5D6A0083079C /* SessionInfo.swift */,
				8CD88183209B5D6A0083079C /* UserSessionDiff.swift */,
			);
			path = User;
			sourceTree = "<group>";
		};
		8CD88185209B5D6A0083079C /* UploadMultipart */ = {
			isa = PBXGroup;
			children = (
				8CD88186209B5D6A0083079C /* UploadMultipartFormDataRequestOperation.swift */,
			);
			path = UploadMultipart;
			sourceTree = "<group>";
		};
		8CD88187209B5D6A0083079C /* Request */ = {
			isa = PBXGroup;
			children = (
				8CD88188209B5D6A0083079C /* ApiMethod.swift */,
				8CD88189209B5D6A0083079C /* HttpMethod.swift */,
				8CD8818A209B5D6A0083079C /* Request.swift */,
			);
			path = Request;
			sourceTree = "<group>";
		};
		8CD8818D209B5D6A0083079C /* Services */ = {
			isa = PBXGroup;
			children = (
				8CD8818E209B5D6A0083079C /* Converter */,
				8CD88193209B5D6A0083079C /* RequestBuilder.swift */,
				8CD88194209B5D6A0083079C /* User */,
				8CD8819B209B5D6A0083079C /* HeadersParser */,
				8CD8819C209B5D6A0083079C /* ResponseParser */,
				8CD8819F209B5D6A0083079C /* Headers */,
			);
			path = Services;
			sourceTree = "<group>";
		};
		8CD8818E209B5D6A0083079C /* Converter */ = {
			isa = PBXGroup;
			children = (
				8CD8818F209B5D6A0083079C /* ResultConverter.swift */,
				8CD88190209B5D6A0083079C /* ResponseConverter.swift */,
				8CD88191209B5D6A0083079C /* ErrorConverter.swift */,
				8CD88192209B5D6A0083079C /* ResponseConverterOf.swift */,
			);
			path = Converter;
			sourceTree = "<group>";
		};
		8CD88194209B5D6A0083079C /* User */ = {
			isa = PBXGroup;
			children = (
				8CD88195209B5D6A0083079C /* UserSessionProvider.swift */,
				8CD88196209B5D6A0083079C /* KeychainConstants.swift */,
				8CD88197209B5D6A0083079C /* KeychainSensitiveDataProvider.swift */,
				8CD88198209B5D6A0083079C /* SensetiveDataProvider.swift */,
				8CD88199209B5D6A0083079C /* SessionStorage.swift */,
				8CD8819A209B5D6A0083079C /* SensetiveDataStorage.swift */,
			);
			path = User;
			sourceTree = "<group>";
		};
		8CD8819B209B5D6A0083079C /* HeadersParser */ = {
			isa = PBXGroup;
			children = (
			);
			path = HeadersParser;
			sourceTree = "<group>";
		};
		8CD8819C209B5D6A0083079C /* ResponseParser */ = {
			isa = PBXGroup;
			children = (
				8CD8819D209B5D6A0083079C /* JsonResponseParserImpl.swift */,
				8CD8819E209B5D6A0083079C /* ResponseParser.swift */,
			);
			path = ResponseParser;
			sourceTree = "<group>";
		};
		8CD8819F209B5D6A0083079C /* Headers */ = {
			isa = PBXGroup;
			children = (
				8CD881A0209B5D6A0083079C /* CommonRequestHeadersProvider.swift */,
				8CD881A1209B5D6A0083079C /* Headers */,
			);
			path = Headers;
			sourceTree = "<group>";
		};
		8CD881A1209B5D6A0083079C /* Headers */ = {
			isa = PBXGroup;
			children = (
				8CD881A2209B5D6A0083079C /* XDate */,
				8CD881A4209B5D6A0083079C /* XSession */,
			);
			path = Headers;
			sourceTree = "<group>";
		};
		8CD881A2209B5D6A0083079C /* XDate */ = {
			isa = PBXGroup;
			children = (
				8CD881A3209B5D6A0083079C /* XDateHeaderProvider.swift */,
			);
			path = XDate;
			sourceTree = "<group>";
		};
		8CD881A4209B5D6A0083079C /* XSession */ = {
			isa = PBXGroup;
			children = (
				8CD881A5209B5D6A0083079C /* XSessionHeaderProvider.swift */,
			);
			path = XSession;
			sourceTree = "<group>";
		};
/* End PBXGroup section */

/* Begin PBXNativeTarget section */
		8CD8813A209B5D430083079C /* Requesto */ = {
			isa = PBXNativeTarget;
			buildConfigurationList = 8CD88158209B5D440083079C /* Build configuration list for PBXNativeTarget "Requesto" */;
			buildPhases = (
				8CD88137209B5D430083079C /* Sources */,
				8CD88138209B5D430083079C /* Frameworks */,
				8CD88139209B5D430083079C /* Resources */,
			);
			buildRules = (
			);
			dependencies = (
			);
			name = Requesto;
			productName = Requesto;
			productReference = 8CD8813B209B5D430083079C /* Requesto.app */;
			productType = "com.apple.product-type.application";
		};
		8CD8814E209B5D440083079C /* RequestoTests */ = {
			isa = PBXNativeTarget;
			buildConfigurationList = 8CD8815B209B5D440083079C /* Build configuration list for PBXNativeTarget "RequestoTests" */;
			buildPhases = (
				8CD8814B209B5D440083079C /* Sources */,
				8CD8814C209B5D440083079C /* Frameworks */,
				8CD8814D209B5D440083079C /* Resources */,
			);
			buildRules = (
			);
			dependencies = (
				8CD88151209B5D440083079C /* PBXTargetDependency */,
			);
			name = RequestoTests;
			productName = RequestoTests;
			productReference = 8CD8814F209B5D440083079C /* RequestoTests.xctest */;
			productType = "com.apple.product-type.bundle.unit-test";
		};
/* End PBXNativeTarget section */

/* Begin PBXProject section */
		8CD88133209B5D430083079C /* Project object */ = {
			isa = PBXProject;
			attributes = {
				LastSwiftUpdateCheck = 0930;
				LastUpgradeCheck = 0930;
				ORGANIZATIONNAME = com.vkaltyrin;
				TargetAttributes = {
					8CD8813A209B5D430083079C = {
						CreatedOnToolsVersion = 9.3;
					};
					8CD8814E209B5D440083079C = {
						CreatedOnToolsVersion = 9.3;
						TestTargetID = 8CD8813A209B5D430083079C;
					};
				};
			};
			buildConfigurationList = 8CD88136209B5D430083079C /* Build configuration list for PBXProject "Requesto" */;
			compatibilityVersion = "Xcode 9.3";
			developmentRegion = en;
			hasScannedForEncodings = 0;
			knownRegions = (
				en,
				Base,
			);
			mainGroup = 8CD88132209B5D430083079C;
			productRefGroup = 8CD8813C209B5D430083079C /* Products */;
			projectDirPath = "";
			projectRoot = "";
			targets = (
				8CD8813A209B5D430083079C /* Requesto */,
				8CD8814E209B5D440083079C /* RequestoTests */,
			);
		};
/* End PBXProject section */

/* Begin PBXResourcesBuildPhase section */
		8CD88139209B5D430083079C /* Resources */ = {
			isa = PBXResourcesBuildPhase;
			buildActionMask = 2147483647;
			files = (
				8CD88149209B5D440083079C /* LaunchScreen.storyboard in Resources */,
				8CD88146209B5D440083079C /* Assets.xcassets in Resources */,
				8CD881BC209B5D6A0083079C /* README.md in Resources */,
				8CD88144209B5D430083079C /* Main.storyboard in Resources */,
			);
			runOnlyForDeploymentPostprocessing = 0;
		};
		8CD8814D209B5D440083079C /* Resources */ = {
			isa = PBXResourcesBuildPhase;
			buildActionMask = 2147483647;
			files = (
			);
			runOnlyForDeploymentPostprocessing = 0;
		};
/* End PBXResourcesBuildPhase section */

/* Begin PBXSourcesBuildPhase section */
		8CD88137209B5D430083079C /* Sources */ = {
			isa = PBXSourcesBuildPhase;
			buildActionMask = 2147483647;
			files = (
				8CD881C1209B5D6A0083079C /* CookieType.swift in Sources */,
				8CD881D4209B5D6A0083079C /* SensetiveDataProvider.swift in Sources */,
				8CD881A9209B5D6A0083079C /* Unbox+Extensions.swift in Sources */,
				8CD881B7209B5D6A0083079C /* OptionalsExtensions.swift in Sources */,
				8CD881B3209B5D6A0083079C /* SubstringExtension.swift in Sources */,
				8CD881C8209B5D6A0083079C /* HttpMethod.swift in Sources */,
				8CD881CF209B5D6A0083079C /* ResponseConverterOf.swift in Sources */,
				8CD881AB209B5D6A0083079C /* Data+JSON.swift in Sources */,
				8CD881D0209B5D6A0083079C /* RequestBuilder.swift in Sources */,
				8CD881AE209B5D6A0083079C /* NSURLPathComponents.swift in Sources */,
				8CD881A7209B5D6A0083079C /* CurrentDateProvider.swift in Sources */,
				8CD881DB209B5D6A0083079C /* XSessionHeaderProvider.swift in Sources */,
				8CD881AC209B5D6A0083079C /* URLRequest+HttpHeader.swift in Sources */,
				8CD881BB209B5D6A0083079C /* HTTPCookieExtensions.swift in Sources */,
				8CD881D5209B5D6A0083079C /* SessionStorage.swift in Sources */,
				8CD881C0209B5D6A0083079C /* SuccessResponse.swift in Sources */,
				8CD881BD209B5D6A0083079C /* NetworkFactory.swift in Sources */,
				8CD88141209B5D430083079C /* ViewController.swift in Sources */,
				8CD881D3209B5D6A0083079C /* KeychainSensitiveDataProvider.swift in Sources */,
				8CD881C4209B5D6A0083079C /* UserSessionDiff.swift in Sources */,
				8CD881B4209B5D6A0083079C /* CollectionsConvenienceExtensions.swift in Sources */,
				8CD881DA209B5D6A0083079C /* XDateHeaderProvider.swift in Sources */,
				8CD881BE209B5D6A0083079C /* ApiError.swift in Sources */,
				8CD881AD209B5D6A0083079C /* UIDeviceExtension.swift in Sources */,
				8CD881D2209B5D6A0083079C /* KeychainConstants.swift in Sources */,
				8CD881D7209B5D6A0083079C /* JsonResponseParserImpl.swift in Sources */,
				8CD881C3209B5D6A0083079C /* SessionInfo.swift in Sources */,
				8CD881BA209B5D6A0083079C /* ArrayRandomAccessAddition.swift in Sources */,
				8CD881B5209B5D6A0083079C /* RangeExtension.swift in Sources */,
				8CD881B6209B5D6A0083079C /* DictionaryExtensions.swift in Sources */,
				8CD881C5209B5D6A0083079C /* HttpHeader.swift in Sources */,
				8CD881B2209B5D6A0083079C /* SequenceTypeExtensions.swift in Sources */,
				8CD881C9209B5D6A0083079C /* Request.swift in Sources */,
				8CD881CA209B5D6A0083079C /* DataResult.swift in Sources */,
				8CD881C7209B5D6A0083079C /* ApiMethod.swift in Sources */,
				8CD881AA209B5D6A0083079C /* String+URLEncodeForChecksum.swift in Sources */,
				8CD881B1209B5D6A0083079C /* AppMetadataExtension.swift in Sources */,
				8CD881D1209B5D6A0083079C /* UserSessionProvider.swift in Sources */,
				8CD8813F209B5D430083079C /* AppDelegate.swift in Sources */,
				8CD881D9209B5D6A0083079C /* CommonRequestHeadersProvider.swift in Sources */,
				8CD881B0209B5D6A0083079C /* NumbersExtension.swift in Sources */,
				8CD881B8209B5D6A0083079C /* String+Pluralization.swift in Sources */,
				8CD881C2209B5D6A0083079C /* CurrentSessionInfoHolder.swift in Sources */,
				8CD881AF209B5D6A0083079C /* CollectionsExtensions.swift in Sources */,
				8CD881CE209B5D6A0083079C /* ErrorConverter.swift in Sources */,
				8CD881BF209B5D6A0083079C /* ResponseCode.swift in Sources */,
				8CD881A8209B5D6A0083079C /* DispatchQueue+Extensions.swift in Sources */,
				8CD881CB209B5D6A0083079C /* RequestError.swift in Sources */,
				8CD881C6209B5D6A0083079C /* UploadMultipartFormDataRequestOperation.swift in Sources */,
				8CD881B9209B5D6A0083079C /* StringExtension.swift in Sources */,
				8CD881A6209B5D6A0083079C /* ApiClient.swift in Sources */,
				8CD881CD209B5D6A0083079C /* ResponseConverter.swift in Sources */,
				8CD881D6209B5D6A0083079C /* SensetiveDataStorage.swift in Sources */,
				8CD881CC209B5D6A0083079C /* ResultConverter.swift in Sources */,
				8CD881D8209B5D6A0083079C /* ResponseParser.swift in Sources */,
			);
			runOnlyForDeploymentPostprocessing = 0;
		};
		8CD8814B209B5D440083079C /* Sources */ = {
			isa = PBXSourcesBuildPhase;
			buildActionMask = 2147483647;
			files = (
				8CD88154209B5D440083079C /* RequestoTests.swift in Sources */,
			);
			runOnlyForDeploymentPostprocessing = 0;
		};
/* End PBXSourcesBuildPhase section */

/* Begin PBXTargetDependency section */
		8CD88151209B5D440083079C /* PBXTargetDependency */ = {
			isa = PBXTargetDependency;
			target = 8CD8813A209B5D430083079C /* Requesto */;
			targetProxy = 8CD88150209B5D440083079C /* PBXContainerItemProxy */;
		};
/* End PBXTargetDependency section */

/* Begin PBXVariantGroup section */
		8CD88142209B5D430083079C /* Main.storyboard */ = {
			isa = PBXVariantGroup;
			children = (
				8CD88143209B5D430083079C /* Base */,
			);
			name = Main.storyboard;
			sourceTree = "<group>";
		};
		8CD88147209B5D440083079C /* LaunchScreen.storyboard */ = {
			isa = PBXVariantGroup;
			children = (
				8CD88148209B5D440083079C /* Base */,
			);
			name = LaunchScreen.storyboard;
			sourceTree = "<group>";
		};
/* End PBXVariantGroup section */

/* Begin XCBuildConfiguration section */
		8CD88156209B5D440083079C /* Debug */ = {
			isa = XCBuildConfiguration;
			buildSettings = {
				ALWAYS_SEARCH_USER_PATHS = NO;
				CLANG_ANALYZER_NONNULL = YES;
				CLANG_ANALYZER_NUMBER_OBJECT_CONVERSION = YES_AGGRESSIVE;
				CLANG_CXX_LANGUAGE_STANDARD = "gnu++14";
				CLANG_CXX_LIBRARY = "libc++";
				CLANG_ENABLE_MODULES = YES;
				CLANG_ENABLE_OBJC_ARC = YES;
				CLANG_ENABLE_OBJC_WEAK = YES;
				CLANG_WARN_BLOCK_CAPTURE_AUTORELEASING = YES;
				CLANG_WARN_BOOL_CONVERSION = YES;
				CLANG_WARN_COMMA = YES;
				CLANG_WARN_CONSTANT_CONVERSION = YES;
				CLANG_WARN_DEPRECATED_OBJC_IMPLEMENTATIONS = YES;
				CLANG_WARN_DIRECT_OBJC_ISA_USAGE = YES_ERROR;
				CLANG_WARN_DOCUMENTATION_COMMENTS = YES;
				CLANG_WARN_EMPTY_BODY = YES;
				CLANG_WARN_ENUM_CONVERSION = YES;
				CLANG_WARN_INFINITE_RECURSION = YES;
				CLANG_WARN_INT_CONVERSION = YES;
				CLANG_WARN_NON_LITERAL_NULL_CONVERSION = YES;
				CLANG_WARN_OBJC_IMPLICIT_RETAIN_SELF = YES;
				CLANG_WARN_OBJC_LITERAL_CONVERSION = YES;
				CLANG_WARN_OBJC_ROOT_CLASS = YES_ERROR;
				CLANG_WARN_RANGE_LOOP_ANALYSIS = YES;
				CLANG_WARN_STRICT_PROTOTYPES = YES;
				CLANG_WARN_SUSPICIOUS_MOVE = YES;
				CLANG_WARN_UNGUARDED_AVAILABILITY = YES_AGGRESSIVE;
				CLANG_WARN_UNREACHABLE_CODE = YES;
				CLANG_WARN__DUPLICATE_METHOD_MATCH = YES;
				CODE_SIGN_IDENTITY = "iPhone Developer";
				COPY_PHASE_STRIP = NO;
				DEBUG_INFORMATION_FORMAT = dwarf;
				ENABLE_STRICT_OBJC_MSGSEND = YES;
				ENABLE_TESTABILITY = YES;
				GCC_C_LANGUAGE_STANDARD = gnu11;
				GCC_DYNAMIC_NO_PIC = NO;
				GCC_NO_COMMON_BLOCKS = YES;
				GCC_OPTIMIZATION_LEVEL = 0;
				GCC_PREPROCESSOR_DEFINITIONS = (
					"DEBUG=1",
					"$(inherited)",
				);
				GCC_WARN_64_TO_32_BIT_CONVERSION = YES;
				GCC_WARN_ABOUT_RETURN_TYPE = YES_ERROR;
				GCC_WARN_UNDECLARED_SELECTOR = YES;
				GCC_WARN_UNINITIALIZED_AUTOS = YES_AGGRESSIVE;
				GCC_WARN_UNUSED_FUNCTION = YES;
				GCC_WARN_UNUSED_VARIABLE = YES;
				IPHONEOS_DEPLOYMENT_TARGET = 11.3;
				MTL_ENABLE_DEBUG_INFO = YES;
				ONLY_ACTIVE_ARCH = YES;
				SDKROOT = iphoneos;
				SWIFT_ACTIVE_COMPILATION_CONDITIONS = DEBUG;
				SWIFT_OPTIMIZATION_LEVEL = "-Onone";
			};
			name = Debug;
		};
		8CD88157209B5D440083079C /* Release */ = {
			isa = XCBuildConfiguration;
			buildSettings = {
				ALWAYS_SEARCH_USER_PATHS = NO;
				CLANG_ANALYZER_NONNULL = YES;
				CLANG_ANALYZER_NUMBER_OBJECT_CONVERSION = YES_AGGRESSIVE;
				CLANG_CXX_LANGUAGE_STANDARD = "gnu++14";
				CLANG_CXX_LIBRARY = "libc++";
				CLANG_ENABLE_MODULES = YES;
				CLANG_ENABLE_OBJC_ARC = YES;
				CLANG_ENABLE_OBJC_WEAK = YES;
				CLANG_WARN_BLOCK_CAPTURE_AUTORELEASING = YES;
				CLANG_WARN_BOOL_CONVERSION = YES;
				CLANG_WARN_COMMA = YES;
				CLANG_WARN_CONSTANT_CONVERSION = YES;
				CLANG_WARN_DEPRECATED_OBJC_IMPLEMENTATIONS = YES;
				CLANG_WARN_DIRECT_OBJC_ISA_USAGE = YES_ERROR;
				CLANG_WARN_DOCUMENTATION_COMMENTS = YES;
				CLANG_WARN_EMPTY_BODY = YES;
				CLANG_WARN_ENUM_CONVERSION = YES;
				CLANG_WARN_INFINITE_RECURSION = YES;
				CLANG_WARN_INT_CONVERSION = YES;
				CLANG_WARN_NON_LITERAL_NULL_CONVERSION = YES;
				CLANG_WARN_OBJC_IMPLICIT_RETAIN_SELF = YES;
				CLANG_WARN_OBJC_LITERAL_CONVERSION = YES;
				CLANG_WARN_OBJC_ROOT_CLASS = YES_ERROR;
				CLANG_WARN_RANGE_LOOP_ANALYSIS = YES;
				CLANG_WARN_STRICT_PROTOTYPES = YES;
				CLANG_WARN_SUSPICIOUS_MOVE = YES;
				CLANG_WARN_UNGUARDED_AVAILABILITY = YES_AGGRESSIVE;
				CLANG_WARN_UNREACHABLE_CODE = YES;
				CLANG_WARN__DUPLICATE_METHOD_MATCH = YES;
				CODE_SIGN_IDENTITY = "iPhone Developer";
				COPY_PHASE_STRIP = NO;
				DEBUG_INFORMATION_FORMAT = "dwarf-with-dsym";
				ENABLE_NS_ASSERTIONS = NO;
				ENABLE_STRICT_OBJC_MSGSEND = YES;
				GCC_C_LANGUAGE_STANDARD = gnu11;
				GCC_NO_COMMON_BLOCKS = YES;
				GCC_WARN_64_TO_32_BIT_CONVERSION = YES;
				GCC_WARN_ABOUT_RETURN_TYPE = YES_ERROR;
				GCC_WARN_UNDECLARED_SELECTOR = YES;
				GCC_WARN_UNINITIALIZED_AUTOS = YES_AGGRESSIVE;
				GCC_WARN_UNUSED_FUNCTION = YES;
				GCC_WARN_UNUSED_VARIABLE = YES;
				IPHONEOS_DEPLOYMENT_TARGET = 11.3;
				MTL_ENABLE_DEBUG_INFO = NO;
				SDKROOT = iphoneos;
				SWIFT_COMPILATION_MODE = wholemodule;
				SWIFT_OPTIMIZATION_LEVEL = "-O";
				VALIDATE_PRODUCT = YES;
			};
			name = Release;
		};
		8CD88159209B5D440083079C /* Debug */ = {
			isa = XCBuildConfiguration;
			buildSettings = {
				ASSETCATALOG_COMPILER_APPICON_NAME = AppIcon;
				CODE_SIGN_STYLE = Automatic;
				DEVELOPMENT_TEAM = Y6QKS4Y8B9;
				INFOPLIST_FILE = Requesto/Info.plist;
				LD_RUNPATH_SEARCH_PATHS = (
					"$(inherited)",
					"@executable_path/Frameworks",
				);
				PRODUCT_BUNDLE_IDENTIFIER = com.vkaltyrin.Requesto;
				PRODUCT_NAME = "$(TARGET_NAME)";
				SWIFT_VERSION = 4.0;
				TARGETED_DEVICE_FAMILY = "1,2";
			};
			name = Debug;
		};
		8CD8815A209B5D440083079C /* Release */ = {
			isa = XCBuildConfiguration;
			buildSettings = {
				ASSETCATALOG_COMPILER_APPICON_NAME = AppIcon;
				CODE_SIGN_STYLE = Automatic;
				DEVELOPMENT_TEAM = Y6QKS4Y8B9;
				INFOPLIST_FILE = Requesto/Info.plist;
				LD_RUNPATH_SEARCH_PATHS = (
					"$(inherited)",
					"@executable_path/Frameworks",
				);
				PRODUCT_BUNDLE_IDENTIFIER = com.vkaltyrin.Requesto;
				PRODUCT_NAME = "$(TARGET_NAME)";
				SWIFT_VERSION = 4.0;
				TARGETED_DEVICE_FAMILY = "1,2";
			};
			name = Release;
		};
		8CD8815C209B5D440083079C /* Debug */ = {
			isa = XCBuildConfiguration;
			buildSettings = {
				ALWAYS_EMBED_SWIFT_STANDARD_LIBRARIES = YES;
				BUNDLE_LOADER = "$(TEST_HOST)";
				CODE_SIGN_STYLE = Automatic;
				DEVELOPMENT_TEAM = Y6QKS4Y8B9;
				INFOPLIST_FILE = RequestoTests/Info.plist;
				LD_RUNPATH_SEARCH_PATHS = (
					"$(inherited)",
					"@executable_path/Frameworks",
					"@loader_path/Frameworks",
				);
				PRODUCT_BUNDLE_IDENTIFIER = com.vkaltyrin.RequestoTests;
				PRODUCT_NAME = "$(TARGET_NAME)";
				SWIFT_VERSION = 4.0;
				TARGETED_DEVICE_FAMILY = "1,2";
				TEST_HOST = "$(BUILT_PRODUCTS_DIR)/Requesto.app/Requesto";
			};
			name = Debug;
		};
		8CD8815D209B5D440083079C /* Release */ = {
			isa = XCBuildConfiguration;
			buildSettings = {
				ALWAYS_EMBED_SWIFT_STANDARD_LIBRARIES = YES;
				BUNDLE_LOADER = "$(TEST_HOST)";
				CODE_SIGN_STYLE = Automatic;
				DEVELOPMENT_TEAM = Y6QKS4Y8B9;
				INFOPLIST_FILE = RequestoTests/Info.plist;
				LD_RUNPATH_SEARCH_PATHS = (
					"$(inherited)",
					"@executable_path/Frameworks",
					"@loader_path/Frameworks",
				);
				PRODUCT_BUNDLE_IDENTIFIER = com.vkaltyrin.RequestoTests;
				PRODUCT_NAME = "$(TARGET_NAME)";
				SWIFT_VERSION = 4.0;
				TARGETED_DEVICE_FAMILY = "1,2";
				TEST_HOST = "$(BUILT_PRODUCTS_DIR)/Requesto.app/Requesto";
			};
			name = Release;
		};
/* End XCBuildConfiguration section */

/* Begin XCConfigurationList section */
		8CD88136209B5D430083079C /* Build configuration list for PBXProject "Requesto" */ = {
			isa = XCConfigurationList;
			buildConfigurations = (
				8CD88156209B5D440083079C /* Debug */,
				8CD88157209B5D440083079C /* Release */,
			);
			defaultConfigurationIsVisible = 0;
			defaultConfigurationName = Release;
		};
		8CD88158209B5D440083079C /* Build configuration list for PBXNativeTarget "Requesto" */ = {
			isa = XCConfigurationList;
			buildConfigurations = (
				8CD88159209B5D440083079C /* Debug */,
				8CD8815A209B5D440083079C /* Release */,
			);
			defaultConfigurationIsVisible = 0;
			defaultConfigurationName = Release;
		};
		8CD8815B209B5D440083079C /* Build configuration list for PBXNativeTarget "RequestoTests" */ = {
			isa = XCConfigurationList;
			buildConfigurations = (
				8CD8815C209B5D440083079C /* Debug */,
				8CD8815D209B5D440083079C /* Release */,
			);
			defaultConfigurationIsVisible = 0;
			defaultConfigurationName = Release;
		};
/* End XCConfigurationList section */
	};
	rootObject = 8CD88133209B5D430083079C /* Project object */;
}
