// !$*UTF8*$!
{
	archiveVersion = 1;
	classes = {
	};
	objectVersion = 50;
	objects = {

/* Begin PBXBuildFile section */
		36DF74F8625AC3E68415C23A /* Pods_HTTPClientTests.framework in Frameworks */ = {isa = PBXBuildFile; fileRef = 0D3B82AE31516EFD1E850E07 /* Pods_HTTPClientTests.framework */; };
		8C44EBA521D11AA100F6807C /* Logger.swift in Sources */ = {isa = PBXBuildFile; fileRef = 8C44EBA421D11AA100F6807C /* Logger.swift */; };
		8C44EBA721D11BB400F6807C /* BeforeDecodingStrategy.swift in Sources */ = {isa = PBXBuildFile; fileRef = 8C44EBA621D11BB400F6807C /* BeforeDecodingStrategy.swift */; };
		8C44EBA921D11BC800F6807C /* OperationDataTask.swift in Sources */ = {isa = PBXBuildFile; fileRef = 8C44EBA821D11BC800F6807C /* OperationDataTask.swift */; };
		8C44EBAB21D11DC200F6807C /* URLRequest+Debug.swift in Sources */ = {isa = PBXBuildFile; fileRef = 8C44EBAA21D11DC200F6807C /* URLRequest+Debug.swift */; };
		8C44EBAF21D22D5A00F6807C /* URLSessionUploadMultipartFormDataRequestOperationBuilder.swift in Sources */ = {isa = PBXBuildFile; fileRef = 8C44EBAE21D22D5A00F6807C /* URLSessionUploadMultipartFormDataRequestOperationBuilder.swift */; };
		8C44EBB121D22EDD00F6807C /* DefaultLogger.swift in Sources */ = {isa = PBXBuildFile; fileRef = 8C44EBB021D22EDD00F6807C /* DefaultLogger.swift */; };
		8C44EBB321D26C7600F6807C /* PredicateUtils.swift in Sources */ = {isa = PBXBuildFile; fileRef = 8C44EBB221D26C7600F6807C /* PredicateUtils.swift */; };
		8C44EBB521D26CA500F6807C /* TestApiRequest.swift in Sources */ = {isa = PBXBuildFile; fileRef = 8C44EBB421D26CA500F6807C /* TestApiRequest.swift */; };
		8C6E236321CBC05500EA241E /* HTTPClient.framework in Frameworks */ = {isa = PBXBuildFile; fileRef = 8C6E235921CBC05500EA241E /* HTTPClient.framework */; };
		8C6E236A21CBC05500EA241E /* HTTPClient.h in Headers */ = {isa = PBXBuildFile; fileRef = 8C6E235C21CBC05500EA241E /* HTTPClient.h */; settings = {ATTRIBUTES = (Public, ); }; };
		8C6E23B021CBC09700EA241E /* DecodableResponseConverter.swift in Sources */ = {isa = PBXBuildFile; fileRef = 8C6E238021CBC09600EA241E /* DecodableResponseConverter.swift */; };
		8C6E23B121CBC09700EA241E /* ResponseConverter.swift in Sources */ = {isa = PBXBuildFile; fileRef = 8C6E238121CBC09600EA241E /* ResponseConverter.swift */; };
		8C6E23B221CBC09700EA241E /* ResponseDecoder.swift in Sources */ = {isa = PBXBuildFile; fileRef = 8C6E238221CBC09600EA241E /* ResponseDecoder.swift */; };
		8C6E23B321CBC09700EA241E /* ResponseConverterOf.swift in Sources */ = {isa = PBXBuildFile; fileRef = 8C6E238321CBC09600EA241E /* ResponseConverterOf.swift */; };
		8C6E23B521CBC09700EA241E /* DataProvider.swift in Sources */ = {isa = PBXBuildFile; fileRef = 8C6E238721CBC09600EA241E /* DataProvider.swift */; };
		8C6E23B621CBC09700EA241E /* UploadMultipartFormDataRequestOperationBuilder.swift in Sources */ = {isa = PBXBuildFile; fileRef = 8C6E238821CBC09600EA241E /* UploadMultipartFormDataRequestOperationBuilder.swift */; };
		8C6E23B821CBC09700EA241E /* UploadMultipartFormDataRequest.swift in Sources */ = {isa = PBXBuildFile; fileRef = 8C6E238A21CBC09600EA241E /* UploadMultipartFormDataRequest.swift */; };
		8C6E23BA21CBC09700EA241E /* CommonHeadersProvider.swift in Sources */ = {isa = PBXBuildFile; fileRef = 8C6E238D21CBC09600EA241E /* CommonHeadersProvider.swift */; };
		8C6E23BB21CBC09700EA241E /* RequestRetrierImpl.swift in Sources */ = {isa = PBXBuildFile; fileRef = 8C6E238F21CBC09600EA241E /* RequestRetrierImpl.swift */; };
		8C6E23BC21CBC09700EA241E /* RequestRetrier.swift in Sources */ = {isa = PBXBuildFile; fileRef = 8C6E239021CBC09600EA241E /* RequestRetrier.swift */; };
		8C6E23BD21CBC09700EA241E /* NetworkDataTask.swift in Sources */ = {isa = PBXBuildFile; fileRef = 8C6E239221CBC09600EA241E /* NetworkDataTask.swift */; };
		8C6E23BE21CBC09700EA241E /* ResponseResult.swift in Sources */ = {isa = PBXBuildFile; fileRef = 8C6E239321CBC09600EA241E /* ResponseResult.swift */; };
		8C6E23BF21CBC09700EA241E /* HttpMethod.swift in Sources */ = {isa = PBXBuildFile; fileRef = 8C6E239421CBC09600EA241E /* HttpMethod.swift */; };
		8C6E23C021CBC09700EA241E /* HttpHeader.swift in Sources */ = {isa = PBXBuildFile; fileRef = 8C6E239521CBC09600EA241E /* HttpHeader.swift */; };
		8C6E23C121CBC09700EA241E /* Request.swift in Sources */ = {isa = PBXBuildFile; fileRef = 8C6E239621CBC09600EA241E /* Request.swift */; };
		8C6E23C221CBC09700EA241E /* RequestCachePolicy.swift in Sources */ = {isa = PBXBuildFile; fileRef = 8C6E239721CBC09600EA241E /* RequestCachePolicy.swift */; };
		8C6E23C321CBC09700EA241E /* DataResult.swift in Sources */ = {isa = PBXBuildFile; fileRef = 8C6E239821CBC09600EA241E /* DataResult.swift */; };
		8C6E23C421CBC09700EA241E /* RequestError.swift in Sources */ = {isa = PBXBuildFile; fileRef = 8C6E239921CBC09600EA241E /* RequestError.swift */; };
		8C6E23C521CBC09700EA241E /* URLSessionRequestDispatcher.swift in Sources */ = {isa = PBXBuildFile; fileRef = 8C6E239B21CBC09600EA241E /* URLSessionRequestDispatcher.swift */; };
		8C6E23C621CBC09700EA241E /* URLSessionNetworkDataTask.swift in Sources */ = {isa = PBXBuildFile; fileRef = 8C6E239C21CBC09600EA241E /* URLSessionNetworkDataTask.swift */; };
		8C6E23C721CBC09700EA241E /* RequestDispatcher.swift in Sources */ = {isa = PBXBuildFile; fileRef = 8C6E239D21CBC09600EA241E /* RequestDispatcher.swift */; };
		8C6E23C821CBC09700EA241E /* RequestBuilderImpl.swift in Sources */ = {isa = PBXBuildFile; fileRef = 8C6E239F21CBC09600EA241E /* RequestBuilderImpl.swift */; };
		8C6E23C921CBC09700EA241E /* RequestBuilder.swift in Sources */ = {isa = PBXBuildFile; fileRef = 8C6E23A021CBC09600EA241E /* RequestBuilder.swift */; };
		8C6E23CA21CBC09700EA241E /* String+URLEncodeForChecksum.swift in Sources */ = {isa = PBXBuildFile; fileRef = 8C6E23A221CBC09600EA241E /* String+URLEncodeForChecksum.swift */; };
		8C6E23CB21CBC09700EA241E /* StringExtensions.swift in Sources */ = {isa = PBXBuildFile; fileRef = 8C6E23A321CBC09600EA241E /* StringExtensions.swift */; };
		8C6E23CC21CBC09700EA241E /* URLRequest+HttpHeader.swift in Sources */ = {isa = PBXBuildFile; fileRef = 8C6E23A421CBC09600EA241E /* URLRequest+HttpHeader.swift */; };
		8C6E23CD21CBC09700EA241E /* RequestExtensions.swift in Sources */ = {isa = PBXBuildFile; fileRef = 8C6E23A521CBC09600EA241E /* RequestExtensions.swift */; };
		8C6E23CE21CBC09700EA241E /* HTTPClient.swift in Sources */ = {isa = PBXBuildFile; fileRef = 8C6E23A621CBC09600EA241E /* HTTPClient.swift */; };
		8C6E23CF21CBC09700EA241E /* HTTPClientImpl.swift in Sources */ = {isa = PBXBuildFile; fileRef = 8C6E23A721CBC09600EA241E /* HTTPClientImpl.swift */; };
		8C6E23D121CBC09E00EA241E /* RequestBuilderTests.swift in Sources */ = {isa = PBXBuildFile; fileRef = 8C6E23D021CBC09E00EA241E /* RequestBuilderTests.swift */; };
		8C6E23F521CBCADE00EA241E /* ResponseDecoderImpl.swift in Sources */ = {isa = PBXBuildFile; fileRef = 8C6E23F421CBCADE00EA241E /* ResponseDecoderImpl.swift */; };
		9D299085A8B8485715C66803 /* Pods_HTTPClient.framework in Frameworks */ = {isa = PBXBuildFile; fileRef = F7E8FC3A79FC54AF957F44D3 /* Pods_HTTPClient.framework */; };
/* End PBXBuildFile section */

/* Begin PBXContainerItemProxy section */
		8C6E236421CBC05500EA241E /* PBXContainerItemProxy */ = {
			isa = PBXContainerItemProxy;
			containerPortal = 8C6E235021CBC05500EA241E /* Project object */;
			proxyType = 1;
			remoteGlobalIDString = 8C6E235821CBC05500EA241E;
			remoteInfo = HTTPClient;
		};
/* End PBXContainerItemProxy section */

/* Begin PBXFileReference section */
		0D3B82AE31516EFD1E850E07 /* Pods_HTTPClientTests.framework */ = {isa = PBXFileReference; explicitFileType = wrapper.framework; includeInIndex = 0; path = Pods_HTTPClientTests.framework; sourceTree = BUILT_PRODUCTS_DIR; };
		6F4818393BC031661089AC93 /* Pods-HTTPClient.release.xcconfig */ = {isa = PBXFileReference; includeInIndex = 1; lastKnownFileType = text.xcconfig; name = "Pods-HTTPClient.release.xcconfig"; path = "Pods/Target Support Files/Pods-HTTPClient/Pods-HTTPClient.release.xcconfig"; sourceTree = "<group>"; };
		8C44EBA421D11AA100F6807C /* Logger.swift */ = {isa = PBXFileReference; lastKnownFileType = sourcecode.swift; path = Logger.swift; sourceTree = "<group>"; };
		8C44EBA621D11BB400F6807C /* BeforeDecodingStrategy.swift */ = {isa = PBXFileReference; fileEncoding = 4; lastKnownFileType = sourcecode.swift; path = BeforeDecodingStrategy.swift; sourceTree = "<group>"; };
		8C44EBA821D11BC800F6807C /* OperationDataTask.swift */ = {isa = PBXFileReference; fileEncoding = 4; lastKnownFileType = sourcecode.swift; path = OperationDataTask.swift; sourceTree = "<group>"; };
		8C44EBAA21D11DC200F6807C /* URLRequest+Debug.swift */ = {isa = PBXFileReference; lastKnownFileType = sourcecode.swift; path = "URLRequest+Debug.swift"; sourceTree = "<group>"; };
		8C44EBAE21D22D5A00F6807C /* URLSessionUploadMultipartFormDataRequestOperationBuilder.swift */ = {isa = PBXFileReference; lastKnownFileType = sourcecode.swift; path = URLSessionUploadMultipartFormDataRequestOperationBuilder.swift; sourceTree = "<group>"; };
		8C44EBB021D22EDD00F6807C /* DefaultLogger.swift */ = {isa = PBXFileReference; lastKnownFileType = sourcecode.swift; path = DefaultLogger.swift; sourceTree = "<group>"; };
		8C44EBB221D26C7600F6807C /* PredicateUtils.swift */ = {isa = PBXFileReference; lastKnownFileType = sourcecode.swift; path = PredicateUtils.swift; sourceTree = "<group>"; };
		8C44EBB421D26CA500F6807C /* TestApiRequest.swift */ = {isa = PBXFileReference; lastKnownFileType = sourcecode.swift; path = TestApiRequest.swift; sourceTree = "<group>"; };
		8C6E235921CBC05500EA241E /* HTTPClient.framework */ = {isa = PBXFileReference; explicitFileType = wrapper.framework; includeInIndex = 0; path = HTTPClient.framework; sourceTree = BUILT_PRODUCTS_DIR; };
		8C6E235C21CBC05500EA241E /* HTTPClient.h */ = {isa = PBXFileReference; lastKnownFileType = sourcecode.c.h; path = HTTPClient.h; sourceTree = "<group>"; };
		8C6E235D21CBC05500EA241E /* Info.plist */ = {isa = PBXFileReference; lastKnownFileType = text.plist.xml; path = Info.plist; sourceTree = "<group>"; };
		8C6E236221CBC05500EA241E /* HTTPClientTests.xctest */ = {isa = PBXFileReference; explicitFileType = wrapper.cfbundle; includeInIndex = 0; path = HTTPClientTests.xctest; sourceTree = BUILT_PRODUCTS_DIR; };
		8C6E236921CBC05500EA241E /* Info.plist */ = {isa = PBXFileReference; lastKnownFileType = text.plist.xml; path = Info.plist; sourceTree = "<group>"; };
		8C6E238021CBC09600EA241E /* DecodableResponseConverter.swift */ = {isa = PBXFileReference; fileEncoding = 4; lastKnownFileType = sourcecode.swift; path = DecodableResponseConverter.swift; sourceTree = "<group>"; };
		8C6E238121CBC09600EA241E /* ResponseConverter.swift */ = {isa = PBXFileReference; fileEncoding = 4; lastKnownFileType = sourcecode.swift; path = ResponseConverter.swift; sourceTree = "<group>"; };
		8C6E238221CBC09600EA241E /* ResponseDecoder.swift */ = {isa = PBXFileReference; fileEncoding = 4; lastKnownFileType = sourcecode.swift; path = ResponseDecoder.swift; sourceTree = "<group>"; };
		8C6E238321CBC09600EA241E /* ResponseConverterOf.swift */ = {isa = PBXFileReference; fileEncoding = 4; lastKnownFileType = sourcecode.swift; path = ResponseConverterOf.swift; sourceTree = "<group>"; };
		8C6E238721CBC09600EA241E /* DataProvider.swift */ = {isa = PBXFileReference; fileEncoding = 4; lastKnownFileType = sourcecode.swift; path = DataProvider.swift; sourceTree = "<group>"; };
		8C6E238821CBC09600EA241E /* UploadMultipartFormDataRequestOperationBuilder.swift */ = {isa = PBXFileReference; fileEncoding = 4; lastKnownFileType = sourcecode.swift; path = UploadMultipartFormDataRequestOperationBuilder.swift; sourceTree = "<group>"; };
		8C6E238A21CBC09600EA241E /* UploadMultipartFormDataRequest.swift */ = {isa = PBXFileReference; fileEncoding = 4; lastKnownFileType = sourcecode.swift; path = UploadMultipartFormDataRequest.swift; sourceTree = "<group>"; };
		8C6E238D21CBC09600EA241E /* CommonHeadersProvider.swift */ = {isa = PBXFileReference; fileEncoding = 4; lastKnownFileType = sourcecode.swift; path = CommonHeadersProvider.swift; sourceTree = "<group>"; };
		8C6E238F21CBC09600EA241E /* RequestRetrierImpl.swift */ = {isa = PBXFileReference; fileEncoding = 4; lastKnownFileType = sourcecode.swift; path = RequestRetrierImpl.swift; sourceTree = "<group>"; };
		8C6E239021CBC09600EA241E /* RequestRetrier.swift */ = {isa = PBXFileReference; fileEncoding = 4; lastKnownFileType = sourcecode.swift; path = RequestRetrier.swift; sourceTree = "<group>"; };
		8C6E239221CBC09600EA241E /* NetworkDataTask.swift */ = {isa = PBXFileReference; fileEncoding = 4; lastKnownFileType = sourcecode.swift; path = NetworkDataTask.swift; sourceTree = "<group>"; };
		8C6E239321CBC09600EA241E /* ResponseResult.swift */ = {isa = PBXFileReference; fileEncoding = 4; lastKnownFileType = sourcecode.swift; path = ResponseResult.swift; sourceTree = "<group>"; };
		8C6E239421CBC09600EA241E /* HttpMethod.swift */ = {isa = PBXFileReference; fileEncoding = 4; lastKnownFileType = sourcecode.swift; path = HttpMethod.swift; sourceTree = "<group>"; };
		8C6E239521CBC09600EA241E /* HttpHeader.swift */ = {isa = PBXFileReference; fileEncoding = 4; lastKnownFileType = sourcecode.swift; path = HttpHeader.swift; sourceTree = "<group>"; };
		8C6E239621CBC09600EA241E /* Request.swift */ = {isa = PBXFileReference; fileEncoding = 4; lastKnownFileType = sourcecode.swift; path = Request.swift; sourceTree = "<group>"; };
		8C6E239721CBC09600EA241E /* RequestCachePolicy.swift */ = {isa = PBXFileReference; fileEncoding = 4; lastKnownFileType = sourcecode.swift; path = RequestCachePolicy.swift; sourceTree = "<group>"; };
		8C6E239821CBC09600EA241E /* DataResult.swift */ = {isa = PBXFileReference; fileEncoding = 4; lastKnownFileType = sourcecode.swift; path = DataResult.swift; sourceTree = "<group>"; };
		8C6E239921CBC09600EA241E /* RequestError.swift */ = {isa = PBXFileReference; fileEncoding = 4; lastKnownFileType = sourcecode.swift; path = RequestError.swift; sourceTree = "<group>"; };
		8C6E239B21CBC09600EA241E /* URLSessionRequestDispatcher.swift */ = {isa = PBXFileReference; fileEncoding = 4; lastKnownFileType = sourcecode.swift; path = URLSessionRequestDispatcher.swift; sourceTree = "<group>"; };
		8C6E239C21CBC09600EA241E /* URLSessionNetworkDataTask.swift */ = {isa = PBXFileReference; fileEncoding = 4; lastKnownFileType = sourcecode.swift; path = URLSessionNetworkDataTask.swift; sourceTree = "<group>"; };
		8C6E239D21CBC09600EA241E /* RequestDispatcher.swift */ = {isa = PBXFileReference; fileEncoding = 4; lastKnownFileType = sourcecode.swift; path = RequestDispatcher.swift; sourceTree = "<group>"; };
		8C6E239F21CBC09600EA241E /* RequestBuilderImpl.swift */ = {isa = PBXFileReference; fileEncoding = 4; lastKnownFileType = sourcecode.swift; path = RequestBuilderImpl.swift; sourceTree = "<group>"; };
		8C6E23A021CBC09600EA241E /* RequestBuilder.swift */ = {isa = PBXFileReference; fileEncoding = 4; lastKnownFileType = sourcecode.swift; path = RequestBuilder.swift; sourceTree = "<group>"; };
		8C6E23A221CBC09600EA241E /* String+URLEncodeForChecksum.swift */ = {isa = PBXFileReference; fileEncoding = 4; lastKnownFileType = sourcecode.swift; path = "String+URLEncodeForChecksum.swift"; sourceTree = "<group>"; };
		8C6E23A321CBC09600EA241E /* StringExtensions.swift */ = {isa = PBXFileReference; fileEncoding = 4; lastKnownFileType = sourcecode.swift; path = StringExtensions.swift; sourceTree = "<group>"; };
		8C6E23A421CBC09600EA241E /* URLRequest+HttpHeader.swift */ = {isa = PBXFileReference; fileEncoding = 4; lastKnownFileType = sourcecode.swift; path = "URLRequest+HttpHeader.swift"; sourceTree = "<group>"; };
		8C6E23A521CBC09600EA241E /* RequestExtensions.swift */ = {isa = PBXFileReference; fileEncoding = 4; lastKnownFileType = sourcecode.swift; path = RequestExtensions.swift; sourceTree = "<group>"; };
		8C6E23A621CBC09600EA241E /* HTTPClient.swift */ = {isa = PBXFileReference; fileEncoding = 4; lastKnownFileType = sourcecode.swift; path = HTTPClient.swift; sourceTree = "<group>"; };
		8C6E23A721CBC09600EA241E /* HTTPClientImpl.swift */ = {isa = PBXFileReference; fileEncoding = 4; lastKnownFileType = sourcecode.swift; path = HTTPClientImpl.swift; sourceTree = "<group>"; };
		8C6E23D021CBC09E00EA241E /* RequestBuilderTests.swift */ = {isa = PBXFileReference; fileEncoding = 4; lastKnownFileType = sourcecode.swift; path = RequestBuilderTests.swift; sourceTree = "<group>"; };
		8C6E23F421CBCADE00EA241E /* ResponseDecoderImpl.swift */ = {isa = PBXFileReference; lastKnownFileType = sourcecode.swift; path = ResponseDecoderImpl.swift; sourceTree = "<group>"; };
		C92CAC27A927DB10E2ED5096 /* Pods-HTTPClientTests.debug.xcconfig */ = {isa = PBXFileReference; includeInIndex = 1; lastKnownFileType = text.xcconfig; name = "Pods-HTTPClientTests.debug.xcconfig"; path = "Pods/Target Support Files/Pods-HTTPClientTests/Pods-HTTPClientTests.debug.xcconfig"; sourceTree = "<group>"; };
		DB175EDE348EC82E5DC7E4EA /* Pods-HTTPClient.debug.xcconfig */ = {isa = PBXFileReference; includeInIndex = 1; lastKnownFileType = text.xcconfig; name = "Pods-HTTPClient.debug.xcconfig"; path = "Pods/Target Support Files/Pods-HTTPClient/Pods-HTTPClient.debug.xcconfig"; sourceTree = "<group>"; };
		DFC15CB0DB36A98E1D7D0D63 /* Pods-HTTPClientTests.release.xcconfig */ = {isa = PBXFileReference; includeInIndex = 1; lastKnownFileType = text.xcconfig; name = "Pods-HTTPClientTests.release.xcconfig"; path = "Pods/Target Support Files/Pods-HTTPClientTests/Pods-HTTPClientTests.release.xcconfig"; sourceTree = "<group>"; };
		F7E8FC3A79FC54AF957F44D3 /* Pods_HTTPClient.framework */ = {isa = PBXFileReference; explicitFileType = wrapper.framework; includeInIndex = 0; path = Pods_HTTPClient.framework; sourceTree = BUILT_PRODUCTS_DIR; };
/* End PBXFileReference section */

/* Begin PBXFrameworksBuildPhase section */
		8C6E235621CBC05500EA241E /* Frameworks */ = {
			isa = PBXFrameworksBuildPhase;
			buildActionMask = 2147483647;
			files = (
				9D299085A8B8485715C66803 /* Pods_HTTPClient.framework in Frameworks */,
			);
			runOnlyForDeploymentPostprocessing = 0;
		};
		8C6E235F21CBC05500EA241E /* Frameworks */ = {
			isa = PBXFrameworksBuildPhase;
			buildActionMask = 2147483647;
			files = (
				8C6E236321CBC05500EA241E /* HTTPClient.framework in Frameworks */,
				36DF74F8625AC3E68415C23A /* Pods_HTTPClientTests.framework in Frameworks */,
			);
			runOnlyForDeploymentPostprocessing = 0;
		};
/* End PBXFrameworksBuildPhase section */

/* Begin PBXGroup section */
		783F92F043711C8DAB1230D9 /* Pods */ = {
			isa = PBXGroup;
			children = (
				DB175EDE348EC82E5DC7E4EA /* Pods-HTTPClient.debug.xcconfig */,
				6F4818393BC031661089AC93 /* Pods-HTTPClient.release.xcconfig */,
				C92CAC27A927DB10E2ED5096 /* Pods-HTTPClientTests.debug.xcconfig */,
				DFC15CB0DB36A98E1D7D0D63 /* Pods-HTTPClientTests.release.xcconfig */,
			);
			name = Pods;
			sourceTree = "<group>";
		};
		8A0DC24470102C4D16D62531 /* Frameworks */ = {
			isa = PBXGroup;
			children = (
				F7E8FC3A79FC54AF957F44D3 /* Pods_HTTPClient.framework */,
				0D3B82AE31516EFD1E850E07 /* Pods_HTTPClientTests.framework */,
			);
			name = Frameworks;
			sourceTree = "<group>";
		};
		8C44EBA321D11A9600F6807C /* Logger */ = {
			isa = PBXGroup;
			children = (
				8C44EBA421D11AA100F6807C /* Logger.swift */,
				8C44EBB021D22EDD00F6807C /* DefaultLogger.swift */,
			);
			path = Logger;
			sourceTree = "<group>";
		};
		8C6E234F21CBC05500EA241E = {
			isa = PBXGroup;
			children = (
				8C6E235B21CBC05500EA241E /* HTTPClient */,
				8C6E236621CBC05500EA241E /* HTTPClientTests */,
				8C6E235A21CBC05500EA241E /* Products */,
				783F92F043711C8DAB1230D9 /* Pods */,
				8A0DC24470102C4D16D62531 /* Frameworks */,
			);
			sourceTree = "<group>";
		};
		8C6E235A21CBC05500EA241E /* Products */ = {
			isa = PBXGroup;
			children = (
				8C6E235921CBC05500EA241E /* HTTPClient.framework */,
				8C6E236221CBC05500EA241E /* HTTPClientTests.xctest */,
			);
			name = Products;
			sourceTree = "<group>";
		};
		8C6E235B21CBC05500EA241E /* HTTPClient */ = {
			isa = PBXGroup;
			children = (
				8C6E237321CBC09600EA241E /* Sources */,
				8C6E235C21CBC05500EA241E /* HTTPClient.h */,
				8C6E235D21CBC05500EA241E /* Info.plist */,
			);
			path = HTTPClient;
			sourceTree = "<group>";
		};
		8C6E236621CBC05500EA241E /* HTTPClientTests */ = {
			isa = PBXGroup;
			children = (
				8C6E23D021CBC09E00EA241E /* RequestBuilderTests.swift */,
				8C6E236921CBC05500EA241E /* Info.plist */,
				8C44EBB221D26C7600F6807C /* PredicateUtils.swift */,
				8C44EBB421D26CA500F6807C /* TestApiRequest.swift */,
			);
			path = HTTPClientTests;
			sourceTree = "<group>";
		};
		8C6E237321CBC09600EA241E /* Sources */ = {
			isa = PBXGroup;
			children = (
				8C6E237E21CBC09600EA241E /* Core */,
				8C6E23A121CBC09600EA241E /* Extensions */,
				8C6E23A621CBC09600EA241E /* HTTPClient.swift */,
				8C6E23A721CBC09600EA241E /* HTTPClientImpl.swift */,
			);
			path = Sources;
			sourceTree = "<group>";
		};
		8C6E237E21CBC09600EA241E /* Core */ = {
			isa = PBXGroup;
			children = (
				8C44EBA321D11A9600F6807C /* Logger */,
				8C6E237F21CBC09600EA241E /* Response */,
				8C6E238621CBC09600EA241E /* UploadMultipartFormData */,
				8C6E238C21CBC09600EA241E /* HeadersProvider */,
				8C6E238E21CBC09600EA241E /* RequestRetrier */,
				8C6E239121CBC09600EA241E /* Domain */,
				8C6E239A21CBC09600EA241E /* RequestDispatcher */,
				8C6E239E21CBC09600EA241E /* RequestBuilder */,
			);
			path = Core;
			sourceTree = "<group>";
		};
		8C6E237F21CBC09600EA241E /* Response */ = {
			isa = PBXGroup;
			children = (
				8C44EBA621D11BB400F6807C /* BeforeDecodingStrategy.swift */,
				8C6E238021CBC09600EA241E /* DecodableResponseConverter.swift */,
				8C6E238121CBC09600EA241E /* ResponseConverter.swift */,
				8C6E238221CBC09600EA241E /* ResponseDecoder.swift */,
				8C6E238321CBC09600EA241E /* ResponseConverterOf.swift */,
				8C6E23F421CBCADE00EA241E /* ResponseDecoderImpl.swift */,
			);
			path = Response;
			sourceTree = "<group>";
		};
		8C6E238621CBC09600EA241E /* UploadMultipartFormData */ = {
			isa = PBXGroup;
			children = (
				8C44EBA821D11BC800F6807C /* OperationDataTask.swift */,
				8C6E238721CBC09600EA241E /* DataProvider.swift */,
				8C6E238821CBC09600EA241E /* UploadMultipartFormDataRequestOperationBuilder.swift */,
				8C6E238A21CBC09600EA241E /* UploadMultipartFormDataRequest.swift */,
				8C44EBAE21D22D5A00F6807C /* URLSessionUploadMultipartFormDataRequestOperationBuilder.swift */,
			);
			path = UploadMultipartFormData;
			sourceTree = "<group>";
		};
		8C6E238C21CBC09600EA241E /* HeadersProvider */ = {
			isa = PBXGroup;
			children = (
				8C6E238D21CBC09600EA241E /* CommonHeadersProvider.swift */,
			);
			path = HeadersProvider;
			sourceTree = "<group>";
		};
		8C6E238E21CBC09600EA241E /* RequestRetrier */ = {
			isa = PBXGroup;
			children = (
				8C6E238F21CBC09600EA241E /* RequestRetrierImpl.swift */,
				8C6E239021CBC09600EA241E /* RequestRetrier.swift */,
			);
			path = RequestRetrier;
			sourceTree = "<group>";
		};
		8C6E239121CBC09600EA241E /* Domain */ = {
			isa = PBXGroup;
			children = (
				8C6E239221CBC09600EA241E /* NetworkDataTask.swift */,
				8C6E239321CBC09600EA241E /* ResponseResult.swift */,
				8C6E239421CBC09600EA241E /* HttpMethod.swift */,
				8C6E239521CBC09600EA241E /* HttpHeader.swift */,
				8C6E239621CBC09600EA241E /* Request.swift */,
				8C6E239721CBC09600EA241E /* RequestCachePolicy.swift */,
				8C6E239821CBC09600EA241E /* DataResult.swift */,
				8C6E239921CBC09600EA241E /* RequestError.swift */,
			);
			path = Domain;
			sourceTree = "<group>";
		};
		8C6E239A21CBC09600EA241E /* RequestDispatcher */ = {
			isa = PBXGroup;
			children = (
				8C6E239B21CBC09600EA241E /* URLSessionRequestDispatcher.swift */,
				8C6E239C21CBC09600EA241E /* URLSessionNetworkDataTask.swift */,
				8C6E239D21CBC09600EA241E /* RequestDispatcher.swift */,
			);
			path = RequestDispatcher;
			sourceTree = "<group>";
		};
		8C6E239E21CBC09600EA241E /* RequestBuilder */ = {
			isa = PBXGroup;
			children = (
				8C6E23A021CBC09600EA241E /* RequestBuilder.swift */,
				8C6E239F21CBC09600EA241E /* RequestBuilderImpl.swift */,
			);
			path = RequestBuilder;
			sourceTree = "<group>";
		};
		8C6E23A121CBC09600EA241E /* Extensions */ = {
			isa = PBXGroup;
			children = (
				8C6E23A221CBC09600EA241E /* String+URLEncodeForChecksum.swift */,
				8C6E23A321CBC09600EA241E /* StringExtensions.swift */,
				8C6E23A421CBC09600EA241E /* URLRequest+HttpHeader.swift */,
				8C6E23A521CBC09600EA241E /* RequestExtensions.swift */,
				8C44EBAA21D11DC200F6807C /* URLRequest+Debug.swift */,
			);
			path = Extensions;
			sourceTree = "<group>";
		};
/* End PBXGroup section */

/* Begin PBXHeadersBuildPhase section */
		8C6E235421CBC05500EA241E /* Headers */ = {
			isa = PBXHeadersBuildPhase;
			buildActionMask = 2147483647;
			files = (
				8C6E236A21CBC05500EA241E /* HTTPClient.h in Headers */,
			);
			runOnlyForDeploymentPostprocessing = 0;
		};
/* End PBXHeadersBuildPhase section */

/* Begin PBXNativeTarget section */
		8C6E235821CBC05500EA241E /* HTTPClient */ = {
			isa = PBXNativeTarget;
			buildConfigurationList = 8C6E236D21CBC05500EA241E /* Build configuration list for PBXNativeTarget "HTTPClient" */;
			buildPhases = (
				3A48E1B8B493FCF45B18CE62 /* [CP] Check Pods Manifest.lock */,
				8C6E235421CBC05500EA241E /* Headers */,
				8C6E235521CBC05500EA241E /* Sources */,
				8C6E235621CBC05500EA241E /* Frameworks */,
				8C6E235721CBC05500EA241E /* Resources */,
			);
			buildRules = (
			);
			dependencies = (
			);
			name = HTTPClient;
			productName = HTTPClient;
			productReference = 8C6E235921CBC05500EA241E /* HTTPClient.framework */;
			productType = "com.apple.product-type.framework";
		};
		8C6E236121CBC05500EA241E /* HTTPClientTests */ = {
			isa = PBXNativeTarget;
			buildConfigurationList = 8C6E237021CBC05500EA241E /* Build configuration list for PBXNativeTarget "HTTPClientTests" */;
			buildPhases = (
				375AF666D432942572F9A95C /* [CP] Check Pods Manifest.lock */,
				8C6E235E21CBC05500EA241E /* Sources */,
				8C6E235F21CBC05500EA241E /* Frameworks */,
				8C6E236021CBC05500EA241E /* Resources */,
				BACA9DA4749AA76AA55372C5 /* [CP] Embed Pods Frameworks */,
			);
			buildRules = (
			);
			dependencies = (
				8C6E236521CBC05500EA241E /* PBXTargetDependency */,
			);
			name = HTTPClientTests;
			productName = HTTPClientTests;
			productReference = 8C6E236221CBC05500EA241E /* HTTPClientTests.xctest */;
			productType = "com.apple.product-type.bundle.unit-test";
		};
/* End PBXNativeTarget section */

/* Begin PBXProject section */
		8C6E235021CBC05500EA241E /* Project object */ = {
			isa = PBXProject;
			attributes = {
				LastSwiftUpdateCheck = 1000;
				LastUpgradeCheck = 1000;
				ORGANIZATIONNAME = "Калтырин Владимир Александрович";
				TargetAttributes = {
					8C6E235821CBC05500EA241E = {
						CreatedOnToolsVersion = 10.0;
					};
					8C6E236121CBC05500EA241E = {
						CreatedOnToolsVersion = 10.0;
					};
				};
			};
			buildConfigurationList = 8C6E235321CBC05500EA241E /* Build configuration list for PBXProject "HTTPClient" */;
			compatibilityVersion = "Xcode 9.3";
			developmentRegion = en;
			hasScannedForEncodings = 0;
			knownRegions = (
				en,
			);
			mainGroup = 8C6E234F21CBC05500EA241E;
			productRefGroup = 8C6E235A21CBC05500EA241E /* Products */;
			projectDirPath = "";
			projectRoot = "";
			targets = (
				8C6E235821CBC05500EA241E /* HTTPClient */,
				8C6E236121CBC05500EA241E /* HTTPClientTests */,
			);
		};
/* End PBXProject section */

/* Begin PBXResourcesBuildPhase section */
		8C6E235721CBC05500EA241E /* Resources */ = {
			isa = PBXResourcesBuildPhase;
			buildActionMask = 2147483647;
			files = (
			);
			runOnlyForDeploymentPostprocessing = 0;
		};
		8C6E236021CBC05500EA241E /* Resources */ = {
			isa = PBXResourcesBuildPhase;
			buildActionMask = 2147483647;
			files = (
			);
			runOnlyForDeploymentPostprocessing = 0;
		};
/* End PBXResourcesBuildPhase section */

/* Begin PBXShellScriptBuildPhase section */
		375AF666D432942572F9A95C /* [CP] Check Pods Manifest.lock */ = {
			isa = PBXShellScriptBuildPhase;
			buildActionMask = 2147483647;
			files = (
			);
			inputPaths = (
				"${PODS_PODFILE_DIR_PATH}/Podfile.lock",
				"${PODS_ROOT}/Manifest.lock",
			);
			name = "[CP] Check Pods Manifest.lock";
			outputPaths = (
				"$(DERIVED_FILE_DIR)/Pods-HTTPClientTests-checkManifestLockResult.txt",
			);
			runOnlyForDeploymentPostprocessing = 0;
			shellPath = /bin/sh;
			shellScript = "diff \"${PODS_PODFILE_DIR_PATH}/Podfile.lock\" \"${PODS_ROOT}/Manifest.lock\" > /dev/null\nif [ $? != 0 ] ; then\n    # print error to STDERR\n    echo \"error: The sandbox is not in sync with the Podfile.lock. Run 'pod install' or update your CocoaPods installation.\" >&2\n    exit 1\nfi\n# This output is used by Xcode 'outputs' to avoid re-running this script phase.\necho \"SUCCESS\" > \"${SCRIPT_OUTPUT_FILE_0}\"\n";
			showEnvVarsInLog = 0;
		};
		3A48E1B8B493FCF45B18CE62 /* [CP] Check Pods Manifest.lock */ = {
			isa = PBXShellScriptBuildPhase;
			buildActionMask = 2147483647;
			files = (
			);
			inputPaths = (
				"${PODS_PODFILE_DIR_PATH}/Podfile.lock",
				"${PODS_ROOT}/Manifest.lock",
			);
			name = "[CP] Check Pods Manifest.lock";
			outputPaths = (
				"$(DERIVED_FILE_DIR)/Pods-HTTPClient-checkManifestLockResult.txt",
			);
			runOnlyForDeploymentPostprocessing = 0;
			shellPath = /bin/sh;
			shellScript = "diff \"${PODS_PODFILE_DIR_PATH}/Podfile.lock\" \"${PODS_ROOT}/Manifest.lock\" > /dev/null\nif [ $? != 0 ] ; then\n    # print error to STDERR\n    echo \"error: The sandbox is not in sync with the Podfile.lock. Run 'pod install' or update your CocoaPods installation.\" >&2\n    exit 1\nfi\n# This output is used by Xcode 'outputs' to avoid re-running this script phase.\necho \"SUCCESS\" > \"${SCRIPT_OUTPUT_FILE_0}\"\n";
			showEnvVarsInLog = 0;
		};
		BACA9DA4749AA76AA55372C5 /* [CP] Embed Pods Frameworks */ = {
			isa = PBXShellScriptBuildPhase;
			buildActionMask = 2147483647;
			files = (
			);
			inputPaths = (
				"${SRCROOT}/Pods/Target Support Files/Pods-HTTPClientTests/Pods-HTTPClientTests-frameworks.sh",
				"${BUILT_PRODUCTS_DIR}/Nimble/Nimble.framework",
				"${BUILT_PRODUCTS_DIR}/Quick/Quick.framework",
			);
			name = "[CP] Embed Pods Frameworks";
			outputPaths = (
				"${TARGET_BUILD_DIR}/${FRAMEWORKS_FOLDER_PATH}/Nimble.framework",
				"${TARGET_BUILD_DIR}/${FRAMEWORKS_FOLDER_PATH}/Quick.framework",
			);
			runOnlyForDeploymentPostprocessing = 0;
			shellPath = /bin/sh;
			shellScript = "\"${SRCROOT}/Pods/Target Support Files/Pods-HTTPClientTests/Pods-HTTPClientTests-frameworks.sh\"\n";
			showEnvVarsInLog = 0;
		};
/* End PBXShellScriptBuildPhase section */

/* Begin PBXSourcesBuildPhase section */
		8C6E235521CBC05500EA241E /* Sources */ = {
			isa = PBXSourcesBuildPhase;
			buildActionMask = 2147483647;
			files = (
				8C6E23C121CBC09700EA241E /* Request.swift in Sources */,
				8C6E23CE21CBC09700EA241E /* HTTPClient.swift in Sources */,
				8C6E23C721CBC09700EA241E /* RequestDispatcher.swift in Sources */,
				8C6E23CA21CBC09700EA241E /* String+URLEncodeForChecksum.swift in Sources */,
				8C6E23BD21CBC09700EA241E /* NetworkDataTask.swift in Sources */,
				8C6E23B121CBC09700EA241E /* ResponseConverter.swift in Sources */,
				8C6E23BA21CBC09700EA241E /* CommonHeadersProvider.swift in Sources */,
				8C6E23CF21CBC09700EA241E /* HTTPClientImpl.swift in Sources */,
				8C6E23F521CBCADE00EA241E /* ResponseDecoderImpl.swift in Sources */,
				8C6E23BF21CBC09700EA241E /* HttpMethod.swift in Sources */,
				8C6E23C021CBC09700EA241E /* HttpHeader.swift in Sources */,
				8C44EBA521D11AA100F6807C /* Logger.swift in Sources */,
				8C6E23B221CBC09700EA241E /* ResponseDecoder.swift in Sources */,
				8C6E23CB21CBC09700EA241E /* StringExtensions.swift in Sources */,
				8C6E23B821CBC09700EA241E /* UploadMultipartFormDataRequest.swift in Sources */,
				8C6E23B621CBC09700EA241E /* UploadMultipartFormDataRequestOperationBuilder.swift in Sources */,
				8C6E23B321CBC09700EA241E /* ResponseConverterOf.swift in Sources */,
				8C6E23C821CBC09700EA241E /* RequestBuilderImpl.swift in Sources */,
				8C6E23C421CBC09700EA241E /* RequestError.swift in Sources */,
				8C6E23BC21CBC09700EA241E /* RequestRetrier.swift in Sources */,
				8C6E23BB21CBC09700EA241E /* RequestRetrierImpl.swift in Sources */,
				8C6E23B021CBC09700EA241E /* DecodableResponseConverter.swift in Sources */,
				8C6E23BE21CBC09700EA241E /* ResponseResult.swift in Sources */,
				8C44EBB121D22EDD00F6807C /* DefaultLogger.swift in Sources */,
				8C6E23C321CBC09700EA241E /* DataResult.swift in Sources */,
				8C6E23CD21CBC09700EA241E /* RequestExtensions.swift in Sources */,
				8C44EBAB21D11DC200F6807C /* URLRequest+Debug.swift in Sources */,
				8C44EBA921D11BC800F6807C /* OperationDataTask.swift in Sources */,
				8C6E23C221CBC09700EA241E /* RequestCachePolicy.swift in Sources */,
				8C44EBAF21D22D5A00F6807C /* URLSessionUploadMultipartFormDataRequestOperationBuilder.swift in Sources */,
				8C6E23C521CBC09700EA241E /* URLSessionRequestDispatcher.swift in Sources */,
				8C6E23CC21CBC09700EA241E /* URLRequest+HttpHeader.swift in Sources */,
				8C6E23B521CBC09700EA241E /* DataProvider.swift in Sources */,
				8C6E23C621CBC09700EA241E /* URLSessionNetworkDataTask.swift in Sources */,
				8C44EBA721D11BB400F6807C /* BeforeDecodingStrategy.swift in Sources */,
				8C6E23C921CBC09700EA241E /* RequestBuilder.swift in Sources */,
			);
			runOnlyForDeploymentPostprocessing = 0;
		};
		8C6E235E21CBC05500EA241E /* Sources */ = {
			isa = PBXSourcesBuildPhase;
			buildActionMask = 2147483647;
			files = (
				8C6E23D121CBC09E00EA241E /* RequestBuilderTests.swift in Sources */,
				8C44EBB521D26CA500F6807C /* TestApiRequest.swift in Sources */,
				8C44EBB321D26C7600F6807C /* PredicateUtils.swift in Sources */,
			);
			runOnlyForDeploymentPostprocessing = 0;
		};
/* End PBXSourcesBuildPhase section */

/* Begin PBXTargetDependency section */
		8C6E236521CBC05500EA241E /* PBXTargetDependency */ = {
			isa = PBXTargetDependency;
			target = 8C6E235821CBC05500EA241E /* HTTPClient */;
			targetProxy = 8C6E236421CBC05500EA241E /* PBXContainerItemProxy */;
		};
/* End PBXTargetDependency section */

/* Begin XCBuildConfiguration section */
		8C6E236B21CBC05500EA241E /* Debug */ = {
			isa = XCBuildConfiguration;
			buildSettings = {
				ALWAYS_SEARCH_USER_PATHS = NO;
				CLANG_ANALYZER_NONNULL = YES;
				CLANG_ANALYZER_NUMBER_OBJECT_CONVERSION = YES_AGGRESSIVE;
				CLANG_CXX_LANGUAGE_STANDARD = "gnu++14";
				CLANG_CXX_LIBRARY = "libc++";
				CLANG_ENABLE_MODULES = YES;
				CLANG_ENABLE_OBJC_ARC = YES;
				CLANG_ENABLE_OBJC_WEAK = YES;
				CLANG_WARN_BLOCK_CAPTURE_AUTORELEASING = YES;
				CLANG_WARN_BOOL_CONVERSION = YES;
				CLANG_WARN_COMMA = YES;
				CLANG_WARN_CONSTANT_CONVERSION = YES;
				CLANG_WARN_DEPRECATED_OBJC_IMPLEMENTATIONS = YES;
				CLANG_WARN_DIRECT_OBJC_ISA_USAGE = YES_ERROR;
				CLANG_WARN_DOCUMENTATION_COMMENTS = YES;
				CLANG_WARN_EMPTY_BODY = YES;
				CLANG_WARN_ENUM_CONVERSION = YES;
				CLANG_WARN_INFINITE_RECURSION = YES;
				CLANG_WARN_INT_CONVERSION = YES;
				CLANG_WARN_NON_LITERAL_NULL_CONVERSION = YES;
				CLANG_WARN_OBJC_IMPLICIT_RETAIN_SELF = YES;
				CLANG_WARN_OBJC_LITERAL_CONVERSION = YES;
				CLANG_WARN_OBJC_ROOT_CLASS = YES_ERROR;
				CLANG_WARN_RANGE_LOOP_ANALYSIS = YES;
				CLANG_WARN_STRICT_PROTOTYPES = YES;
				CLANG_WARN_SUSPICIOUS_MOVE = YES;
				CLANG_WARN_UNGUARDED_AVAILABILITY = YES_AGGRESSIVE;
				CLANG_WARN_UNREACHABLE_CODE = YES;
				CLANG_WARN__DUPLICATE_METHOD_MATCH = YES;
				CODE_SIGN_IDENTITY = "iPhone Developer";
				COPY_PHASE_STRIP = NO;
				CURRENT_PROJECT_VERSION = 1;
				DEBUG_INFORMATION_FORMAT = dwarf;
				ENABLE_STRICT_OBJC_MSGSEND = YES;
				ENABLE_TESTABILITY = YES;
				GCC_C_LANGUAGE_STANDARD = gnu11;
				GCC_DYNAMIC_NO_PIC = NO;
				GCC_NO_COMMON_BLOCKS = YES;
				GCC_OPTIMIZATION_LEVEL = 0;
				GCC_PREPROCESSOR_DEFINITIONS = (
					"DEBUG=1",
					"$(inherited)",
				);
				GCC_WARN_64_TO_32_BIT_CONVERSION = YES;
				GCC_WARN_ABOUT_RETURN_TYPE = YES_ERROR;
				GCC_WARN_UNDECLARED_SELECTOR = YES;
				GCC_WARN_UNINITIALIZED_AUTOS = YES_AGGRESSIVE;
				GCC_WARN_UNUSED_FUNCTION = YES;
				GCC_WARN_UNUSED_VARIABLE = YES;
				IPHONEOS_DEPLOYMENT_TARGET = 12.0;
				MTL_ENABLE_DEBUG_INFO = INCLUDE_SOURCE;
				MTL_FAST_MATH = YES;
				ONLY_ACTIVE_ARCH = YES;
				SDKROOT = iphoneos;
				SWIFT_ACTIVE_COMPILATION_CONDITIONS = DEBUG;
				SWIFT_OPTIMIZATION_LEVEL = "-Onone";
				VERSIONING_SYSTEM = "apple-generic";
				VERSION_INFO_PREFIX = "";
			};
			name = Debug;
		};
		8C6E236C21CBC05500EA241E /* Release */ = {
			isa = XCBuildConfiguration;
			buildSettings = {
				ALWAYS_SEARCH_USER_PATHS = NO;
				CLANG_ANALYZER_NONNULL = YES;
				CLANG_ANALYZER_NUMBER_OBJECT_CONVERSION = YES_AGGRESSIVE;
				CLANG_CXX_LANGUAGE_STANDARD = "gnu++14";
				CLANG_CXX_LIBRARY = "libc++";
				CLANG_ENABLE_MODULES = YES;
				CLANG_ENABLE_OBJC_ARC = YES;
				CLANG_ENABLE_OBJC_WEAK = YES;
				CLANG_WARN_BLOCK_CAPTURE_AUTORELEASING = YES;
				CLANG_WARN_BOOL_CONVERSION = YES;
				CLANG_WARN_COMMA = YES;
				CLANG_WARN_CONSTANT_CONVERSION = YES;
				CLANG_WARN_DEPRECATED_OBJC_IMPLEMENTATIONS = YES;
				CLANG_WARN_DIRECT_OBJC_ISA_USAGE = YES_ERROR;
				CLANG_WARN_DOCUMENTATION_COMMENTS = YES;
				CLANG_WARN_EMPTY_BODY = YES;
				CLANG_WARN_ENUM_CONVERSION = YES;
				CLANG_WARN_INFINITE_RECURSION = YES;
				CLANG_WARN_INT_CONVERSION = YES;
				CLANG_WARN_NON_LITERAL_NULL_CONVERSION = YES;
				CLANG_WARN_OBJC_IMPLICIT_RETAIN_SELF = YES;
				CLANG_WARN_OBJC_LITERAL_CONVERSION = YES;
				CLANG_WARN_OBJC_ROOT_CLASS = YES_ERROR;
				CLANG_WARN_RANGE_LOOP_ANALYSIS = YES;
				CLANG_WARN_STRICT_PROTOTYPES = YES;
				CLANG_WARN_SUSPICIOUS_MOVE = YES;
				CLANG_WARN_UNGUARDED_AVAILABILITY = YES_AGGRESSIVE;
				CLANG_WARN_UNREACHABLE_CODE = YES;
				CLANG_WARN__DUPLICATE_METHOD_MATCH = YES;
				CODE_SIGN_IDENTITY = "iPhone Developer";
				COPY_PHASE_STRIP = NO;
				CURRENT_PROJECT_VERSION = 1;
				DEBUG_INFORMATION_FORMAT = "dwarf-with-dsym";
				ENABLE_NS_ASSERTIONS = NO;
				ENABLE_STRICT_OBJC_MSGSEND = YES;
				GCC_C_LANGUAGE_STANDARD = gnu11;
				GCC_NO_COMMON_BLOCKS = YES;
				GCC_WARN_64_TO_32_BIT_CONVERSION = YES;
				GCC_WARN_ABOUT_RETURN_TYPE = YES_ERROR;
				GCC_WARN_UNDECLARED_SELECTOR = YES;
				GCC_WARN_UNINITIALIZED_AUTOS = YES_AGGRESSIVE;
				GCC_WARN_UNUSED_FUNCTION = YES;
				GCC_WARN_UNUSED_VARIABLE = YES;
				IPHONEOS_DEPLOYMENT_TARGET = 12.0;
				MTL_ENABLE_DEBUG_INFO = NO;
				MTL_FAST_MATH = YES;
				SDKROOT = iphoneos;
				SWIFT_COMPILATION_MODE = wholemodule;
				SWIFT_OPTIMIZATION_LEVEL = "-O";
				VALIDATE_PRODUCT = YES;
				VERSIONING_SYSTEM = "apple-generic";
				VERSION_INFO_PREFIX = "";
			};
			name = Release;
		};
		8C6E236E21CBC05500EA241E /* Debug */ = {
			isa = XCBuildConfiguration;
			baseConfigurationReference = DB175EDE348EC82E5DC7E4EA /* Pods-HTTPClient.debug.xcconfig */;
			buildSettings = {
				CODE_SIGN_IDENTITY = "";
				CODE_SIGN_STYLE = Automatic;
				DEFINES_MODULE = YES;
				DEVELOPMENT_TEAM = Y6QKS4Y8B9;
				DYLIB_COMPATIBILITY_VERSION = 1;
				DYLIB_CURRENT_VERSION = 1;
				DYLIB_INSTALL_NAME_BASE = "@rpath";
				INFOPLIST_FILE = HTTPClient/Info.plist;
				INSTALL_PATH = "$(LOCAL_LIBRARY_DIR)/Frameworks";
				LD_RUNPATH_SEARCH_PATHS = (
					"$(inherited)",
					"@executable_path/Frameworks",
					"@loader_path/Frameworks",
				);
				PRODUCT_BUNDLE_IDENTIFIER = com.vkaltyrin.HTTPClient;
				PRODUCT_NAME = "$(TARGET_NAME:c99extidentifier)";
				SKIP_INSTALL = YES;
				SWIFT_VERSION = 4.2;
				TARGETED_DEVICE_FAMILY = "1,2";
			};
			name = Debug;
		};
		8C6E236F21CBC05500EA241E /* Release */ = {
			isa = XCBuildConfiguration;
			baseConfigurationReference = 6F4818393BC031661089AC93 /* Pods-HTTPClient.release.xcconfig */;
			buildSettings = {
				CODE_SIGN_IDENTITY = "";
				CODE_SIGN_STYLE = Automatic;
				DEFINES_MODULE = YES;
				DEVELOPMENT_TEAM = Y6QKS4Y8B9;
				DYLIB_COMPATIBILITY_VERSION = 1;
				DYLIB_CURRENT_VERSION = 1;
				DYLIB_INSTALL_NAME_BASE = "@rpath";
				INFOPLIST_FILE = HTTPClient/Info.plist;
				INSTALL_PATH = "$(LOCAL_LIBRARY_DIR)/Frameworks";
				LD_RUNPATH_SEARCH_PATHS = (
					"$(inherited)",
					"@executable_path/Frameworks",
					"@loader_path/Frameworks",
				);
				PRODUCT_BUNDLE_IDENTIFIER = com.vkaltyrin.HTTPClient;
				PRODUCT_NAME = "$(TARGET_NAME:c99extidentifier)";
				SKIP_INSTALL = YES;
				SWIFT_VERSION = 4.2;
				TARGETED_DEVICE_FAMILY = "1,2";
			};
			name = Release;
		};
		8C6E237121CBC05500EA241E /* Debug */ = {
			isa = XCBuildConfiguration;
			baseConfigurationReference = C92CAC27A927DB10E2ED5096 /* Pods-HTTPClientTests.debug.xcconfig */;
			buildSettings = {
				ALWAYS_EMBED_SWIFT_STANDARD_LIBRARIES = YES;
				CODE_SIGN_STYLE = Automatic;
				DEVELOPMENT_TEAM = Y6QKS4Y8B9;
				INFOPLIST_FILE = HTTPClientTests/Info.plist;
				LD_RUNPATH_SEARCH_PATHS = (
					"$(inherited)",
					"@executable_path/Frameworks",
					"@loader_path/Frameworks",
				);
				PRODUCT_BUNDLE_IDENTIFIER = com.vkaltyrin.HTTPClientTests;
				PRODUCT_NAME = "$(TARGET_NAME)";
				SWIFT_VERSION = 4.2;
				TARGETED_DEVICE_FAMILY = "1,2";
			};
			name = Debug;
		};
		8C6E237221CBC05500EA241E /* Release */ = {
			isa = XCBuildConfiguration;
			baseConfigurationReference = DFC15CB0DB36A98E1D7D0D63 /* Pods-HTTPClientTests.release.xcconfig */;
			buildSettings = {
				ALWAYS_EMBED_SWIFT_STANDARD_LIBRARIES = YES;
				CODE_SIGN_STYLE = Automatic;
				DEVELOPMENT_TEAM = Y6QKS4Y8B9;
				INFOPLIST_FILE = HTTPClientTests/Info.plist;
				LD_RUNPATH_SEARCH_PATHS = (
					"$(inherited)",
					"@executable_path/Frameworks",
					"@loader_path/Frameworks",
				);
				PRODUCT_BUNDLE_IDENTIFIER = com.vkaltyrin.HTTPClientTests;
				PRODUCT_NAME = "$(TARGET_NAME)";
				SWIFT_VERSION = 4.2;
				TARGETED_DEVICE_FAMILY = "1,2";
			};
			name = Release;
		};
/* End XCBuildConfiguration section */

/* Begin XCConfigurationList section */
		8C6E235321CBC05500EA241E /* Build configuration list for PBXProject "HTTPClient" */ = {
			isa = XCConfigurationList;
			buildConfigurations = (
				8C6E236B21CBC05500EA241E /* Debug */,
				8C6E236C21CBC05500EA241E /* Release */,
			);
			defaultConfigurationIsVisible = 0;
			defaultConfigurationName = Release;
		};
		8C6E236D21CBC05500EA241E /* Build configuration list for PBXNativeTarget "HTTPClient" */ = {
			isa = XCConfigurationList;
			buildConfigurations = (
				8C6E236E21CBC05500EA241E /* Debug */,
				8C6E236F21CBC05500EA241E /* Release */,
			);
			defaultConfigurationIsVisible = 0;
			defaultConfigurationName = Release;
		};
		8C6E237021CBC05500EA241E /* Build configuration list for PBXNativeTarget "HTTPClientTests" */ = {
			isa = XCConfigurationList;
			buildConfigurations = (
				8C6E237121CBC05500EA241E /* Debug */,
				8C6E237221CBC05500EA241E /* Release */,
			);
			defaultConfigurationIsVisible = 0;
			defaultConfigurationName = Release;
		};
/* End XCConfigurationList section */
	};
	rootObject = 8C6E235021CBC05500EA241E /* Project object */;
}
